
Microsoft Visual Studio Solution File, Format Version 12.00
# Visual Studio 2013
VisualStudioVersion = 12.0.31101.0
MinimumVisualStudioVersion = 10.0.40219.1
Project("{8BC9CEB8-8B4A-11D0-8D11-00A0C91BC942}") = "sys", "sys\sys.vcxproj", "{6A6C3D11-9740-4A70-AB15-96CA3B47DE10}"
EndProject
Project("{8BC9CEB8-8B4A-11D0-8D11-00A0C91BC942}") = "dokanx", "dokanx\dokanx.vcxproj", "{F25BA22F-2AB8-4859-9B89-8FE1E774B472}"
	ProjectSection(ProjectDependencies) = postProject
		{6053D32F-0C6B-4A75-A5FD-D8143785ABB0} = {6053D32F-0C6B-4A75-A5FD-D8143785ABB0}
	EndProjectSection
EndProject
Project("{2150E333-8FDC-42A3-9474-1A3956D46DE8}") = "Solution Items", "Solution Items", "{FC9EAEC7-D411-4F22-85EF-DCB79ACD4175}"
	ProjectSection(SolutionItems) = preProject
		README.md = README.md
	EndProjectSection
EndProject
Project("{8BC9CEB8-8B4A-11D0-8D11-00A0C91BC942}") = "mirrorfs", "mirrorfs\mirrorfs.vcxproj", "{DADCBCAD-4429-422E-9FA9-D8E538D0EF94}"
	ProjectSection(ProjectDependencies) = postProject
		{F25BA22F-2AB8-4859-9B89-8FE1E774B472} = {F25BA22F-2AB8-4859-9B89-8FE1E774B472}
		{6053D32F-0C6B-4A75-A5FD-D8143785ABB0} = {6053D32F-0C6B-4A75-A5FD-D8143785ABB0}
	EndProjectSection
EndProject
Project("{8BC9CEB8-8B4A-11D0-8D11-00A0C91BC942}") = "dokanx_mount", "dokanx_mount\dokanx_mount.vcxproj", "{688763EB-771C-44AA-A514-DF306DE83D83}"
	ProjectSection(ProjectDependencies) = postProject
		{6053D32F-0C6B-4A75-A5FD-D8143785ABB0} = {6053D32F-0C6B-4A75-A5FD-D8143785ABB0}
	EndProjectSection
EndProject
Project("{8BC9CEB8-8B4A-11D0-8D11-00A0C91BC942}") = "Common", "Common\Common.vcxproj", "{6053D32F-0C6B-4A75-A5FD-D8143785ABB0}"
EndProject
Project("{8BC9CEB8-8B4A-11D0-8D11-00A0C91BC942}") = "dokanx_control", "dokanx_control\dokanx_control.vcxproj", "{A1881DF2-0A37-4AF4-86DC-EE0251CC6EA6}"
	ProjectSection(ProjectDependencies) = postProject
		{F25BA22F-2AB8-4859-9B89-8FE1E774B472} = {F25BA22F-2AB8-4859-9B89-8FE1E774B472}
	EndProjectSection
EndProject
Project("{FAE04EC0-301F-11D3-BF4B-00C04F79EFBC}") = "DokanSSHFS", "dokan_sshfs\DokanSSHFS\DokanSSHFS.csproj", "{BE8954E9-27DD-46FD-8E0B-A8F43A4211AD}"
EndProject
Project("{FAE04EC0-301F-11D3-BF4B-00C04F79EFBC}") = "DokanNet", "dokan_net\DokanNet\DokanNet.csproj", "{A09B408A-26A0-4FF8-83D5-6E1B1DA5F63C}"
EndProject
Project("{8BC9CEB8-8B4A-11D0-8D11-00A0C91BC942}") = "DokanSSHFSControl", "dokan_sshfs\DokanSSHFSControl\DokanSSHFSControl.vcxproj", "{8AC0D054-1657-4C92-8AFA-64AACE9882EA}"
EndProject
Project("{8BC9CEB8-8B4A-11D0-8D11-00A0C91BC942}") = "DokanSSHProperty", "dokan_sshfs\DokanSSHProperty\DokanSSHProperty\DokanSSHProperty.vcxproj", "{60AE528A-09AA-4511-A34C-A7927A6BB373}"
EndProject
Project("{FAE04EC0-301F-11D3-BF4B-00C04F79EFBC}") = "SharpSSH", "dokan_sshfs\SharpSSH-1.1.1.13\SharpSSH\SharpSSH.csproj", "{D27CF69D-4681-492A-BE4D-D3D209104423}"
EndProject
Project("{FAE04EC0-301F-11D3-BF4B-00C04F79EFBC}") = "Sysinternals.Debug", "Sysinternals.Debug\Sysinternals.Debug.csproj", "{FB1D522E-1ACB-49DD-93D4-123E6EA13AED}"
EndProject
Global
	GlobalSection(SolutionConfigurationPlatforms) = preSolution
		debug_win7|Any CPU = debug_win7|Any CPU
		debug_win7|Mixed Platforms = debug_win7|Mixed Platforms
		debug_win7|Win32 = debug_win7|Win32
		debug_win7|x64 = debug_win7|x64
		debug_win7|x86 = debug_win7|x86
		Debug|Any CPU = Debug|Any CPU
		Debug|Mixed Platforms = Debug|Mixed Platforms
		Debug|Win32 = Debug|Win32
		Debug|x64 = Debug|x64
		Debug|x86 = Debug|x86
		release_win7|Any CPU = release_win7|Any CPU
		release_win7|Mixed Platforms = release_win7|Mixed Platforms
		release_win7|Win32 = release_win7|Win32
		release_win7|x64 = release_win7|x64
		release_win7|x86 = release_win7|x86
		Release|Any CPU = Release|Any CPU
		Release|Mixed Platforms = Release|Mixed Platforms
		Release|Win32 = Release|Win32
		Release|x64 = Release|x64
		Release|x86 = Release|x86
	EndGlobalSection
	GlobalSection(ProjectConfigurationPlatforms) = postSolution
		{6A6C3D11-9740-4A70-AB15-96CA3B47DE10}.debug_win7|Any CPU.ActiveCfg = debug_win7|Win32
		{6A6C3D11-9740-4A70-AB15-96CA3B47DE10}.debug_win7|Mixed Platforms.ActiveCfg = debug_win7|Win32
		{6A6C3D11-9740-4A70-AB15-96CA3B47DE10}.debug_win7|Mixed Platforms.Build.0 = debug_win7|Win32
		{6A6C3D11-9740-4A70-AB15-96CA3B47DE10}.debug_win7|Win32.ActiveCfg = debug_win7|Win32
		{6A6C3D11-9740-4A70-AB15-96CA3B47DE10}.debug_win7|Win32.Build.0 = debug_win7|Win32
		{6A6C3D11-9740-4A70-AB15-96CA3B47DE10}.debug_win7|x64.ActiveCfg = debug_win7|x64
		{6A6C3D11-9740-4A70-AB15-96CA3B47DE10}.debug_win7|x64.Build.0 = debug_win7|x64
		{6A6C3D11-9740-4A70-AB15-96CA3B47DE10}.debug_win7|x86.ActiveCfg = debug_win7|Win32
		{6A6C3D11-9740-4A70-AB15-96CA3B47DE10}.debug_win7|x86.Build.0 = debug_win7|Win32
		{6A6C3D11-9740-4A70-AB15-96CA3B47DE10}.Debug|Any CPU.ActiveCfg = debug_win7|Win32
		{6A6C3D11-9740-4A70-AB15-96CA3B47DE10}.Debug|Mixed Platforms.ActiveCfg = debug_win7|Win32
		{6A6C3D11-9740-4A70-AB15-96CA3B47DE10}.Debug|Mixed Platforms.Build.0 = debug_win7|Win32
		{6A6C3D11-9740-4A70-AB15-96CA3B47DE10}.Debug|Win32.ActiveCfg = debug_win7|Win32
		{6A6C3D11-9740-4A70-AB15-96CA3B47DE10}.Debug|Win32.Build.0 = debug_win7|Win32
		{6A6C3D11-9740-4A70-AB15-96CA3B47DE10}.Debug|x64.ActiveCfg = debug_win7|x64
		{6A6C3D11-9740-4A70-AB15-96CA3B47DE10}.Debug|x64.Build.0 = debug_win7|x64
		{6A6C3D11-9740-4A70-AB15-96CA3B47DE10}.Debug|x86.ActiveCfg = debug_win7|Win32
		{6A6C3D11-9740-4A70-AB15-96CA3B47DE10}.Debug|x86.Build.0 = debug_win7|Win32
		{6A6C3D11-9740-4A70-AB15-96CA3B47DE10}.release_win7|Any CPU.ActiveCfg = release_win7|Win32
		{6A6C3D11-9740-4A70-AB15-96CA3B47DE10}.release_win7|Mixed Platforms.ActiveCfg = release_win7|Win32
		{6A6C3D11-9740-4A70-AB15-96CA3B47DE10}.release_win7|Mixed Platforms.Build.0 = release_win7|Win32
		{6A6C3D11-9740-4A70-AB15-96CA3B47DE10}.release_win7|Win32.ActiveCfg = release_win7|Win32
		{6A6C3D11-9740-4A70-AB15-96CA3B47DE10}.release_win7|Win32.Build.0 = release_win7|Win32
		{6A6C3D11-9740-4A70-AB15-96CA3B47DE10}.release_win7|x64.ActiveCfg = release_win7|x64
		{6A6C3D11-9740-4A70-AB15-96CA3B47DE10}.release_win7|x64.Build.0 = release_win7|x64
		{6A6C3D11-9740-4A70-AB15-96CA3B47DE10}.release_win7|x86.ActiveCfg = release_win7|Win32
		{6A6C3D11-9740-4A70-AB15-96CA3B47DE10}.release_win7|x86.Build.0 = release_win7|Win32
		{6A6C3D11-9740-4A70-AB15-96CA3B47DE10}.Release|Any CPU.ActiveCfg = release_win7|Win32
		{6A6C3D11-9740-4A70-AB15-96CA3B47DE10}.Release|Mixed Platforms.ActiveCfg = release_win7|Win32
		{6A6C3D11-9740-4A70-AB15-96CA3B47DE10}.Release|Mixed Platforms.Build.0 = release_win7|Win32
		{6A6C3D11-9740-4A70-AB15-96CA3B47DE10}.Release|Win32.ActiveCfg = release_win7|Win32
		{6A6C3D11-9740-4A70-AB15-96CA3B47DE10}.Release|Win32.Build.0 = release_win7|Win32
		{6A6C3D11-9740-4A70-AB15-96CA3B47DE10}.Release|x64.ActiveCfg = release_win7|x64
		{6A6C3D11-9740-4A70-AB15-96CA3B47DE10}.Release|x64.Build.0 = release_win7|x64
		{6A6C3D11-9740-4A70-AB15-96CA3B47DE10}.Release|x86.ActiveCfg = release_win7|Win32
		{6A6C3D11-9740-4A70-AB15-96CA3B47DE10}.Release|x86.Build.0 = release_win7|Win32
		{F25BA22F-2AB8-4859-9B89-8FE1E774B472}.debug_win7|Any CPU.ActiveCfg = Debug|Win32
		{F25BA22F-2AB8-4859-9B89-8FE1E774B472}.debug_win7|Mixed Platforms.ActiveCfg = Debug|Win32
		{F25BA22F-2AB8-4859-9B89-8FE1E774B472}.debug_win7|Mixed Platforms.Build.0 = Debug|Win32
		{F25BA22F-2AB8-4859-9B89-8FE1E774B472}.debug_win7|Win32.ActiveCfg = Debug|Win32
		{F25BA22F-2AB8-4859-9B89-8FE1E774B472}.debug_win7|Win32.Build.0 = Debug|Win32
		{F25BA22F-2AB8-4859-9B89-8FE1E774B472}.debug_win7|x64.ActiveCfg = Debug|x64
		{F25BA22F-2AB8-4859-9B89-8FE1E774B472}.debug_win7|x64.Build.0 = Debug|x64
		{F25BA22F-2AB8-4859-9B89-8FE1E774B472}.debug_win7|x86.ActiveCfg = Debug|Win32
		{F25BA22F-2AB8-4859-9B89-8FE1E774B472}.debug_win7|x86.Build.0 = Debug|Win32
		{F25BA22F-2AB8-4859-9B89-8FE1E774B472}.Debug|Any CPU.ActiveCfg = Debug|Win32
		{F25BA22F-2AB8-4859-9B89-8FE1E774B472}.Debug|Mixed Platforms.ActiveCfg = Debug|Win32
		{F25BA22F-2AB8-4859-9B89-8FE1E774B472}.Debug|Mixed Platforms.Build.0 = Debug|Win32
		{F25BA22F-2AB8-4859-9B89-8FE1E774B472}.Debug|Win32.ActiveCfg = Debug|Win32
		{F25BA22F-2AB8-4859-9B89-8FE1E774B472}.Debug|Win32.Build.0 = Debug|Win32
		{F25BA22F-2AB8-4859-9B89-8FE1E774B472}.Debug|x64.ActiveCfg = Debug|x64
		{F25BA22F-2AB8-4859-9B89-8FE1E774B472}.Debug|x64.Build.0 = Debug|x64
		{F25BA22F-2AB8-4859-9B89-8FE1E774B472}.Debug|x86.ActiveCfg = Debug|Win32
		{F25BA22F-2AB8-4859-9B89-8FE1E774B472}.Debug|x86.Build.0 = Debug|Win32
		{F25BA22F-2AB8-4859-9B89-8FE1E774B472}.release_win7|Any CPU.ActiveCfg = Release|Win32
		{F25BA22F-2AB8-4859-9B89-8FE1E774B472}.release_win7|Mixed Platforms.ActiveCfg = Release|Win32
		{F25BA22F-2AB8-4859-9B89-8FE1E774B472}.release_win7|Mixed Platforms.Build.0 = Release|Win32
		{F25BA22F-2AB8-4859-9B89-8FE1E774B472}.release_win7|Win32.ActiveCfg = Release|Win32
		{F25BA22F-2AB8-4859-9B89-8FE1E774B472}.release_win7|Win32.Build.0 = Release|Win32
		{F25BA22F-2AB8-4859-9B89-8FE1E774B472}.release_win7|x64.ActiveCfg = Release|x64
		{F25BA22F-2AB8-4859-9B89-8FE1E774B472}.release_win7|x64.Build.0 = Release|x64
		{F25BA22F-2AB8-4859-9B89-8FE1E774B472}.release_win7|x86.ActiveCfg = Release|Win32
		{F25BA22F-2AB8-4859-9B89-8FE1E774B472}.release_win7|x86.Build.0 = Release|Win32
		{F25BA22F-2AB8-4859-9B89-8FE1E774B472}.Release|Any CPU.ActiveCfg = Release|Win32
		{F25BA22F-2AB8-4859-9B89-8FE1E774B472}.Release|Mixed Platforms.ActiveCfg = Release|Win32
		{F25BA22F-2AB8-4859-9B89-8FE1E774B472}.Release|Mixed Platforms.Build.0 = Release|Win32
		{F25BA22F-2AB8-4859-9B89-8FE1E774B472}.Release|Win32.ActiveCfg = Release|Win32
		{F25BA22F-2AB8-4859-9B89-8FE1E774B472}.Release|Win32.Build.0 = Release|Win32
		{F25BA22F-2AB8-4859-9B89-8FE1E774B472}.Release|x64.ActiveCfg = Release|x64
		{F25BA22F-2AB8-4859-9B89-8FE1E774B472}.Release|x64.Build.0 = Release|x64
		{F25BA22F-2AB8-4859-9B89-8FE1E774B472}.Release|x86.ActiveCfg = Release|Win32
		{F25BA22F-2AB8-4859-9B89-8FE1E774B472}.Release|x86.Build.0 = Release|Win32
		{DADCBCAD-4429-422E-9FA9-D8E538D0EF94}.debug_win7|Any CPU.ActiveCfg = Debug|Win32
		{DADCBCAD-4429-422E-9FA9-D8E538D0EF94}.debug_win7|Mixed Platforms.ActiveCfg = Debug|Win32
		{DADCBCAD-4429-422E-9FA9-D8E538D0EF94}.debug_win7|Mixed Platforms.Build.0 = Debug|Win32
		{DADCBCAD-4429-422E-9FA9-D8E538D0EF94}.debug_win7|Win32.ActiveCfg = Debug|Win32
		{DADCBCAD-4429-422E-9FA9-D8E538D0EF94}.debug_win7|Win32.Build.0 = Debug|Win32
		{DADCBCAD-4429-422E-9FA9-D8E538D0EF94}.debug_win7|x64.ActiveCfg = Debug|x64
		{DADCBCAD-4429-422E-9FA9-D8E538D0EF94}.debug_win7|x64.Build.0 = Debug|x64
		{DADCBCAD-4429-422E-9FA9-D8E538D0EF94}.debug_win7|x86.ActiveCfg = Debug|Win32
		{DADCBCAD-4429-422E-9FA9-D8E538D0EF94}.debug_win7|x86.Build.0 = Debug|Win32
		{DADCBCAD-4429-422E-9FA9-D8E538D0EF94}.Debug|Any CPU.ActiveCfg = Debug|Win32
		{DADCBCAD-4429-422E-9FA9-D8E538D0EF94}.Debug|Mixed Platforms.ActiveCfg = Debug|Win32
		{DADCBCAD-4429-422E-9FA9-D8E538D0EF94}.Debug|Mixed Platforms.Build.0 = Debug|Win32
		{DADCBCAD-4429-422E-9FA9-D8E538D0EF94}.Debug|Win32.ActiveCfg = Debug|Win32
		{DADCBCAD-4429-422E-9FA9-D8E538D0EF94}.Debug|Win32.Build.0 = Debug|Win32
		{DADCBCAD-4429-422E-9FA9-D8E538D0EF94}.Debug|x64.ActiveCfg = Debug|x64
		{DADCBCAD-4429-422E-9FA9-D8E538D0EF94}.Debug|x64.Build.0 = Debug|x64
		{DADCBCAD-4429-422E-9FA9-D8E538D0EF94}.Debug|x86.ActiveCfg = Debug|Win32
		{DADCBCAD-4429-422E-9FA9-D8E538D0EF94}.Debug|x86.Build.0 = Debug|Win32
		{DADCBCAD-4429-422E-9FA9-D8E538D0EF94}.release_win7|Any CPU.ActiveCfg = Release|Win32
		{DADCBCAD-4429-422E-9FA9-D8E538D0EF94}.release_win7|Mixed Platforms.ActiveCfg = Release|Win32
		{DADCBCAD-4429-422E-9FA9-D8E538D0EF94}.release_win7|Mixed Platforms.Build.0 = Release|Win32
		{DADCBCAD-4429-422E-9FA9-D8E538D0EF94}.release_win7|Win32.ActiveCfg = Release|Win32
		{DADCBCAD-4429-422E-9FA9-D8E538D0EF94}.release_win7|Win32.Build.0 = Release|Win32
		{DADCBCAD-4429-422E-9FA9-D8E538D0EF94}.release_win7|x64.ActiveCfg = Release|x64
		{DADCBCAD-4429-422E-9FA9-D8E538D0EF94}.release_win7|x64.Build.0 = Release|x64
		{DADCBCAD-4429-422E-9FA9-D8E538D0EF94}.release_win7|x86.ActiveCfg = Release|Win32
		{DADCBCAD-4429-422E-9FA9-D8E538D0EF94}.release_win7|x86.Build.0 = Release|Win32
		{DADCBCAD-4429-422E-9FA9-D8E538D0EF94}.Release|Any CPU.ActiveCfg = Release|Win32
		{DADCBCAD-4429-422E-9FA9-D8E538D0EF94}.Release|Mixed Platforms.ActiveCfg = Release|Win32
		{DADCBCAD-4429-422E-9FA9-D8E538D0EF94}.Release|Mixed Platforms.Build.0 = Release|Win32
		{DADCBCAD-4429-422E-9FA9-D8E538D0EF94}.Release|Win32.ActiveCfg = Release|Win32
		{DADCBCAD-4429-422E-9FA9-D8E538D0EF94}.Release|Win32.Build.0 = Release|Win32
		{DADCBCAD-4429-422E-9FA9-D8E538D0EF94}.Release|x64.ActiveCfg = Release|x64
		{DADCBCAD-4429-422E-9FA9-D8E538D0EF94}.Release|x64.Build.0 = Release|x64
		{DADCBCAD-4429-422E-9FA9-D8E538D0EF94}.Release|x86.ActiveCfg = Release|Win32
		{DADCBCAD-4429-422E-9FA9-D8E538D0EF94}.Release|x86.Build.0 = Release|Win32
		{688763EB-771C-44AA-A514-DF306DE83D83}.debug_win7|Any CPU.ActiveCfg = Debug|Win32
		{688763EB-771C-44AA-A514-DF306DE83D83}.debug_win7|Mixed Platforms.ActiveCfg = Debug|Win32
		{688763EB-771C-44AA-A514-DF306DE83D83}.debug_win7|Mixed Platforms.Build.0 = Debug|Win32
		{688763EB-771C-44AA-A514-DF306DE83D83}.debug_win7|Win32.ActiveCfg = Debug|Win32
		{688763EB-771C-44AA-A514-DF306DE83D83}.debug_win7|Win32.Build.0 = Debug|Win32
		{688763EB-771C-44AA-A514-DF306DE83D83}.debug_win7|x64.ActiveCfg = Debug|x64
		{688763EB-771C-44AA-A514-DF306DE83D83}.debug_win7|x64.Build.0 = Debug|x64
		{688763EB-771C-44AA-A514-DF306DE83D83}.debug_win7|x86.ActiveCfg = Debug|Win32
		{688763EB-771C-44AA-A514-DF306DE83D83}.debug_win7|x86.Build.0 = Debug|Win32
		{688763EB-771C-44AA-A514-DF306DE83D83}.Debug|Any CPU.ActiveCfg = Debug|Win32
		{688763EB-771C-44AA-A514-DF306DE83D83}.Debug|Mixed Platforms.ActiveCfg = Debug|Win32
		{688763EB-771C-44AA-A514-DF306DE83D83}.Debug|Mixed Platforms.Build.0 = Debug|Win32
		{688763EB-771C-44AA-A514-DF306DE83D83}.Debug|Win32.ActiveCfg = Debug|Win32
		{688763EB-771C-44AA-A514-DF306DE83D83}.Debug|Win32.Build.0 = Debug|Win32
		{688763EB-771C-44AA-A514-DF306DE83D83}.Debug|x64.ActiveCfg = Debug|x64
		{688763EB-771C-44AA-A514-DF306DE83D83}.Debug|x64.Build.0 = Debug|x64
		{688763EB-771C-44AA-A514-DF306DE83D83}.Debug|x86.ActiveCfg = Debug|Win32
		{688763EB-771C-44AA-A514-DF306DE83D83}.Debug|x86.Build.0 = Debug|Win32
		{688763EB-771C-44AA-A514-DF306DE83D83}.release_win7|Any CPU.ActiveCfg = Release|Win32
		{688763EB-771C-44AA-A514-DF306DE83D83}.release_win7|Mixed Platforms.ActiveCfg = Release|Win32
		{688763EB-771C-44AA-A514-DF306DE83D83}.release_win7|Mixed Platforms.Build.0 = Release|Win32
		{688763EB-771C-44AA-A514-DF306DE83D83}.release_win7|Win32.ActiveCfg = Release|Win32
		{688763EB-771C-44AA-A514-DF306DE83D83}.release_win7|Win32.Build.0 = Release|Win32
		{688763EB-771C-44AA-A514-DF306DE83D83}.release_win7|x64.ActiveCfg = Release|x64
		{688763EB-771C-44AA-A514-DF306DE83D83}.release_win7|x64.Build.0 = Release|x64
		{688763EB-771C-44AA-A514-DF306DE83D83}.release_win7|x86.ActiveCfg = Release|Win32
		{688763EB-771C-44AA-A514-DF306DE83D83}.release_win7|x86.Build.0 = Release|Win32
		{688763EB-771C-44AA-A514-DF306DE83D83}.Release|Any CPU.ActiveCfg = Release|Win32
		{688763EB-771C-44AA-A514-DF306DE83D83}.Release|Mixed Platforms.ActiveCfg = Release|Win32
		{688763EB-771C-44AA-A514-DF306DE83D83}.Release|Mixed Platforms.Build.0 = Release|Win32
		{688763EB-771C-44AA-A514-DF306DE83D83}.Release|Win32.ActiveCfg = Release|Win32
		{688763EB-771C-44AA-A514-DF306DE83D83}.Release|Win32.Build.0 = Release|Win32
		{688763EB-771C-44AA-A514-DF306DE83D83}.Release|x64.ActiveCfg = Release|x64
		{688763EB-771C-44AA-A514-DF306DE83D83}.Release|x64.Build.0 = Release|x64
		{688763EB-771C-44AA-A514-DF306DE83D83}.Release|x86.ActiveCfg = Release|Win32
		{688763EB-771C-44AA-A514-DF306DE83D83}.Release|x86.Build.0 = Release|Win32
		{6053D32F-0C6B-4A75-A5FD-D8143785ABB0}.debug_win7|Any CPU.ActiveCfg = Debug|Win32
		{6053D32F-0C6B-4A75-A5FD-D8143785ABB0}.debug_win7|Mixed Platforms.ActiveCfg = Debug|Win32
		{6053D32F-0C6B-4A75-A5FD-D8143785ABB0}.debug_win7|Mixed Platforms.Build.0 = Debug|Win32
		{6053D32F-0C6B-4A75-A5FD-D8143785ABB0}.debug_win7|Win32.ActiveCfg = Debug|Win32
		{6053D32F-0C6B-4A75-A5FD-D8143785ABB0}.debug_win7|Win32.Build.0 = Debug|Win32
		{6053D32F-0C6B-4A75-A5FD-D8143785ABB0}.debug_win7|x64.ActiveCfg = Debug|x64
		{6053D32F-0C6B-4A75-A5FD-D8143785ABB0}.debug_win7|x64.Build.0 = Debug|x64
		{6053D32F-0C6B-4A75-A5FD-D8143785ABB0}.debug_win7|x86.ActiveCfg = Debug|Win32
		{6053D32F-0C6B-4A75-A5FD-D8143785ABB0}.debug_win7|x86.Build.0 = Debug|Win32
		{6053D32F-0C6B-4A75-A5FD-D8143785ABB0}.Debug|Any CPU.ActiveCfg = Debug|Win32
		{6053D32F-0C6B-4A75-A5FD-D8143785ABB0}.Debug|Mixed Platforms.ActiveCfg = Debug|Win32
		{6053D32F-0C6B-4A75-A5FD-D8143785ABB0}.Debug|Mixed Platforms.Build.0 = Debug|Win32
		{6053D32F-0C6B-4A75-A5FD-D8143785ABB0}.Debug|Win32.ActiveCfg = Debug|Win32
		{6053D32F-0C6B-4A75-A5FD-D8143785ABB0}.Debug|Win32.Build.0 = Debug|Win32
		{6053D32F-0C6B-4A75-A5FD-D8143785ABB0}.Debug|x64.ActiveCfg = Debug|x64
		{6053D32F-0C6B-4A75-A5FD-D8143785ABB0}.Debug|x64.Build.0 = Debug|x64
		{6053D32F-0C6B-4A75-A5FD-D8143785ABB0}.Debug|x86.ActiveCfg = Debug|Win32
		{6053D32F-0C6B-4A75-A5FD-D8143785ABB0}.Debug|x86.Build.0 = Debug|Win32
		{6053D32F-0C6B-4A75-A5FD-D8143785ABB0}.release_win7|Any CPU.ActiveCfg = Release|Win32
		{6053D32F-0C6B-4A75-A5FD-D8143785ABB0}.release_win7|Mixed Platforms.ActiveCfg = Release|Win32
		{6053D32F-0C6B-4A75-A5FD-D8143785ABB0}.release_win7|Mixed Platforms.Build.0 = Release|Win32
		{6053D32F-0C6B-4A75-A5FD-D8143785ABB0}.release_win7|Win32.ActiveCfg = Release|Win32
		{6053D32F-0C6B-4A75-A5FD-D8143785ABB0}.release_win7|Win32.Build.0 = Release|Win32
		{6053D32F-0C6B-4A75-A5FD-D8143785ABB0}.release_win7|x64.ActiveCfg = Release|x64
		{6053D32F-0C6B-4A75-A5FD-D8143785ABB0}.release_win7|x64.Build.0 = Release|x64
		{6053D32F-0C6B-4A75-A5FD-D8143785ABB0}.release_win7|x86.ActiveCfg = Release|Win32
		{6053D32F-0C6B-4A75-A5FD-D8143785ABB0}.release_win7|x86.Build.0 = Release|Win32
		{6053D32F-0C6B-4A75-A5FD-D8143785ABB0}.Release|Any CPU.ActiveCfg = Release|Win32
		{6053D32F-0C6B-4A75-A5FD-D8143785ABB0}.Release|Mixed Platforms.ActiveCfg = Release|Win32
		{6053D32F-0C6B-4A75-A5FD-D8143785ABB0}.Release|Mixed Platforms.Build.0 = Release|Win32
		{6053D32F-0C6B-4A75-A5FD-D8143785ABB0}.Release|Win32.ActiveCfg = Release|Win32
		{6053D32F-0C6B-4A75-A5FD-D8143785ABB0}.Release|Win32.Build.0 = Release|Win32
		{6053D32F-0C6B-4A75-A5FD-D8143785ABB0}.Release|x64.ActiveCfg = Release|x64
		{6053D32F-0C6B-4A75-A5FD-D8143785ABB0}.Release|x64.Build.0 = Release|x64
		{6053D32F-0C6B-4A75-A5FD-D8143785ABB0}.Release|x86.ActiveCfg = Release|Win32
		{6053D32F-0C6B-4A75-A5FD-D8143785ABB0}.Release|x86.Build.0 = Release|Win32
		{A1881DF2-0A37-4AF4-86DC-EE0251CC6EA6}.debug_win7|Any CPU.ActiveCfg = Debug|Win32
		{A1881DF2-0A37-4AF4-86DC-EE0251CC6EA6}.debug_win7|Mixed Platforms.ActiveCfg = Debug|Win32
		{A1881DF2-0A37-4AF4-86DC-EE0251CC6EA6}.debug_win7|Mixed Platforms.Build.0 = Debug|Win32
		{A1881DF2-0A37-4AF4-86DC-EE0251CC6EA6}.debug_win7|Win32.ActiveCfg = Debug|Win32
		{A1881DF2-0A37-4AF4-86DC-EE0251CC6EA6}.debug_win7|Win32.Build.0 = Debug|Win32
		{A1881DF2-0A37-4AF4-86DC-EE0251CC6EA6}.debug_win7|x64.ActiveCfg = Debug|x64
		{A1881DF2-0A37-4AF4-86DC-EE0251CC6EA6}.debug_win7|x64.Build.0 = Debug|x64
		{A1881DF2-0A37-4AF4-86DC-EE0251CC6EA6}.debug_win7|x86.ActiveCfg = Debug|Win32
		{A1881DF2-0A37-4AF4-86DC-EE0251CC6EA6}.debug_win7|x86.Build.0 = Debug|Win32
		{A1881DF2-0A37-4AF4-86DC-EE0251CC6EA6}.Debug|Any CPU.ActiveCfg = Debug|Win32
		{A1881DF2-0A37-4AF4-86DC-EE0251CC6EA6}.Debug|Mixed Platforms.ActiveCfg = Debug|Win32
		{A1881DF2-0A37-4AF4-86DC-EE0251CC6EA6}.Debug|Mixed Platforms.Build.0 = Debug|Win32
		{A1881DF2-0A37-4AF4-86DC-EE0251CC6EA6}.Debug|Win32.ActiveCfg = Debug|Win32
		{A1881DF2-0A37-4AF4-86DC-EE0251CC6EA6}.Debug|Win32.Build.0 = Debug|Win32
		{A1881DF2-0A37-4AF4-86DC-EE0251CC6EA6}.Debug|x64.ActiveCfg = Debug|x64
		{A1881DF2-0A37-4AF4-86DC-EE0251CC6EA6}.Debug|x64.Build.0 = Debug|x64
		{A1881DF2-0A37-4AF4-86DC-EE0251CC6EA6}.Debug|x86.ActiveCfg = Debug|Win32
		{A1881DF2-0A37-4AF4-86DC-EE0251CC6EA6}.Debug|x86.Build.0 = Debug|Win32
		{A1881DF2-0A37-4AF4-86DC-EE0251CC6EA6}.release_win7|Any CPU.ActiveCfg = Release|Win32
		{A1881DF2-0A37-4AF4-86DC-EE0251CC6EA6}.release_win7|Mixed Platforms.ActiveCfg = Release|Win32
		{A1881DF2-0A37-4AF4-86DC-EE0251CC6EA6}.release_win7|Mixed Platforms.Build.0 = Release|Win32
		{A1881DF2-0A37-4AF4-86DC-EE0251CC6EA6}.release_win7|Win32.ActiveCfg = Release|Win32
		{A1881DF2-0A37-4AF4-86DC-EE0251CC6EA6}.release_win7|Win32.Build.0 = Release|Win32
		{A1881DF2-0A37-4AF4-86DC-EE0251CC6EA6}.release_win7|x64.ActiveCfg = Release|x64
		{A1881DF2-0A37-4AF4-86DC-EE0251CC6EA6}.release_win7|x64.Build.0 = Release|x64
		{A1881DF2-0A37-4AF4-86DC-EE0251CC6EA6}.release_win7|x86.ActiveCfg = Release|Win32
		{A1881DF2-0A37-4AF4-86DC-EE0251CC6EA6}.release_win7|x86.Build.0 = Release|Win32
		{A1881DF2-0A37-4AF4-86DC-EE0251CC6EA6}.Release|Any CPU.ActiveCfg = Release|Win32
		{A1881DF2-0A37-4AF4-86DC-EE0251CC6EA6}.Release|Mixed Platforms.ActiveCfg = Release|Win32
		{A1881DF2-0A37-4AF4-86DC-EE0251CC6EA6}.Release|Mixed Platforms.Build.0 = Release|Win32
		{A1881DF2-0A37-4AF4-86DC-EE0251CC6EA6}.Release|Win32.ActiveCfg = Release|Win32
		{A1881DF2-0A37-4AF4-86DC-EE0251CC6EA6}.Release|Win32.Build.0 = Release|Win32
		{A1881DF2-0A37-4AF4-86DC-EE0251CC6EA6}.Release|x64.ActiveCfg = Release|x64
		{A1881DF2-0A37-4AF4-86DC-EE0251CC6EA6}.Release|x64.Build.0 = Release|x64
		{A1881DF2-0A37-4AF4-86DC-EE0251CC6EA6}.Release|x86.ActiveCfg = Release|Win32
		{A1881DF2-0A37-4AF4-86DC-EE0251CC6EA6}.Release|x86.Build.0 = Release|Win32
		{BE8954E9-27DD-46FD-8E0B-A8F43A4211AD}.debug_win7|Any CPU.ActiveCfg = Debug|Any CPU
		{BE8954E9-27DD-46FD-8E0B-A8F43A4211AD}.debug_win7|Any CPU.Build.0 = Debug|Any CPU
		{BE8954E9-27DD-46FD-8E0B-A8F43A4211AD}.debug_win7|Mixed Platforms.ActiveCfg = Debug|x86
		{BE8954E9-27DD-46FD-8E0B-A8F43A4211AD}.debug_win7|Mixed Platforms.Build.0 = Debug|x86
		{BE8954E9-27DD-46FD-8E0B-A8F43A4211AD}.debug_win7|Win32.ActiveCfg = Debug|x86
		{BE8954E9-27DD-46FD-8E0B-A8F43A4211AD}.debug_win7|Win32.Build.0 = Debug|x86
		{BE8954E9-27DD-46FD-8E0B-A8F43A4211AD}.debug_win7|x64.ActiveCfg = Debug|Any CPU
		{BE8954E9-27DD-46FD-8E0B-A8F43A4211AD}.debug_win7|x86.ActiveCfg = Debug|x86
		{BE8954E9-27DD-46FD-8E0B-A8F43A4211AD}.debug_win7|x86.Build.0 = Debug|x86
		{BE8954E9-27DD-46FD-8E0B-A8F43A4211AD}.Debug|Any CPU.ActiveCfg = Debug|Any CPU
		{BE8954E9-27DD-46FD-8E0B-A8F43A4211AD}.Debug|Any CPU.Build.0 = Debug|Any CPU
		{BE8954E9-27DD-46FD-8E0B-A8F43A4211AD}.Debug|Mixed Platforms.ActiveCfg = Debug|x86
		{BE8954E9-27DD-46FD-8E0B-A8F43A4211AD}.Debug|Mixed Platforms.Build.0 = Debug|x86
		{BE8954E9-27DD-46FD-8E0B-A8F43A4211AD}.Debug|Win32.ActiveCfg = Debug|x86
		{BE8954E9-27DD-46FD-8E0B-A8F43A4211AD}.Debug|Win32.Build.0 = Debug|x86
		{BE8954E9-27DD-46FD-8E0B-A8F43A4211AD}.Debug|x64.ActiveCfg = Debug|Any CPU
		{BE8954E9-27DD-46FD-8E0B-A8F43A4211AD}.Debug|x86.ActiveCfg = Debug|x86
		{BE8954E9-27DD-46FD-8E0B-A8F43A4211AD}.Debug|x86.Build.0 = Debug|x86
		{BE8954E9-27DD-46FD-8E0B-A8F43A4211AD}.release_win7|Any CPU.ActiveCfg = Release|Any CPU
		{BE8954E9-27DD-46FD-8E0B-A8F43A4211AD}.release_win7|Any CPU.Build.0 = Release|Any CPU
		{BE8954E9-27DD-46FD-8E0B-A8F43A4211AD}.release_win7|Mixed Platforms.ActiveCfg = Release|x86
		{BE8954E9-27DD-46FD-8E0B-A8F43A4211AD}.release_win7|Mixed Platforms.Build.0 = Release|x86
		{BE8954E9-27DD-46FD-8E0B-A8F43A4211AD}.release_win7|Win32.ActiveCfg = Release|x86
		{BE8954E9-27DD-46FD-8E0B-A8F43A4211AD}.release_win7|Win32.Build.0 = Release|x86
		{BE8954E9-27DD-46FD-8E0B-A8F43A4211AD}.release_win7|x64.ActiveCfg = Release|Any CPU
		{BE8954E9-27DD-46FD-8E0B-A8F43A4211AD}.release_win7|x86.ActiveCfg = Release|x86
		{BE8954E9-27DD-46FD-8E0B-A8F43A4211AD}.release_win7|x86.Build.0 = Release|x86
		{BE8954E9-27DD-46FD-8E0B-A8F43A4211AD}.Release|Any CPU.ActiveCfg = Release|Any CPU
		{BE8954E9-27DD-46FD-8E0B-A8F43A4211AD}.Release|Any CPU.Build.0 = Release|Any CPU
		{BE8954E9-27DD-46FD-8E0B-A8F43A4211AD}.Release|Mixed Platforms.ActiveCfg = Release|x86
		{BE8954E9-27DD-46FD-8E0B-A8F43A4211AD}.Release|Mixed Platforms.Build.0 = Release|x86
		{BE8954E9-27DD-46FD-8E0B-A8F43A4211AD}.Release|Win32.ActiveCfg = Release|x86
		{BE8954E9-27DD-46FD-8E0B-A8F43A4211AD}.Release|Win32.Build.0 = Release|x86
		{BE8954E9-27DD-46FD-8E0B-A8F43A4211AD}.Release|x64.ActiveCfg = Release|Any CPU
		{BE8954E9-27DD-46FD-8E0B-A8F43A4211AD}.Release|x86.ActiveCfg = Release|x86
		{BE8954E9-27DD-46FD-8E0B-A8F43A4211AD}.Release|x86.Build.0 = Release|x86
		{A09B408A-26A0-4FF8-83D5-6E1B1DA5F63C}.debug_win7|Any CPU.ActiveCfg = Debug|Any CPU
		{A09B408A-26A0-4FF8-83D5-6E1B1DA5F63C}.debug_win7|Any CPU.Build.0 = Debug|Any CPU
		{A09B408A-26A0-4FF8-83D5-6E1B1DA5F63C}.debug_win7|Mixed Platforms.ActiveCfg = Debug|x86
		{A09B408A-26A0-4FF8-83D5-6E1B1DA5F63C}.debug_win7|Mixed Platforms.Build.0 = Debug|x86
		{A09B408A-26A0-4FF8-83D5-6E1B1DA5F63C}.debug_win7|Win32.ActiveCfg = Debug|x86
		{A09B408A-26A0-4FF8-83D5-6E1B1DA5F63C}.debug_win7|Win32.Build.0 = Debug|x86
		{A09B408A-26A0-4FF8-83D5-6E1B1DA5F63C}.debug_win7|x64.ActiveCfg = Debug|Any CPU
		{A09B408A-26A0-4FF8-83D5-6E1B1DA5F63C}.debug_win7|x86.ActiveCfg = Debug|x86
		{A09B408A-26A0-4FF8-83D5-6E1B1DA5F63C}.debug_win7|x86.Build.0 = Debug|x86
		{A09B408A-26A0-4FF8-83D5-6E1B1DA5F63C}.Debug|Any CPU.ActiveCfg = Debug|Any CPU
		{A09B408A-26A0-4FF8-83D5-6E1B1DA5F63C}.Debug|Any CPU.Build.0 = Debug|Any CPU
		{A09B408A-26A0-4FF8-83D5-6E1B1DA5F63C}.Debug|Mixed Platforms.ActiveCfg = Debug|x86
		{A09B408A-26A0-4FF8-83D5-6E1B1DA5F63C}.Debug|Mixed Platforms.Build.0 = Debug|x86
		{A09B408A-26A0-4FF8-83D5-6E1B1DA5F63C}.Debug|Win32.ActiveCfg = Debug|x86
		{A09B408A-26A0-4FF8-83D5-6E1B1DA5F63C}.Debug|Win32.Build.0 = Debug|x86
		{A09B408A-26A0-4FF8-83D5-6E1B1DA5F63C}.Debug|x64.ActiveCfg = Debug|Any CPU
		{A09B408A-26A0-4FF8-83D5-6E1B1DA5F63C}.Debug|x86.ActiveCfg = Debug|x86
		{A09B408A-26A0-4FF8-83D5-6E1B1DA5F63C}.Debug|x86.Build.0 = Debug|x86
		{A09B408A-26A0-4FF8-83D5-6E1B1DA5F63C}.release_win7|Any CPU.ActiveCfg = Release|Any CPU
		{A09B408A-26A0-4FF8-83D5-6E1B1DA5F63C}.release_win7|Any CPU.Build.0 = Release|Any CPU
		{A09B408A-26A0-4FF8-83D5-6E1B1DA5F63C}.release_win7|Mixed Platforms.ActiveCfg = Release|x86
		{A09B408A-26A0-4FF8-83D5-6E1B1DA5F63C}.release_win7|Mixed Platforms.Build.0 = Release|x86
		{A09B408A-26A0-4FF8-83D5-6E1B1DA5F63C}.release_win7|Win32.ActiveCfg = Release|x86
		{A09B408A-26A0-4FF8-83D5-6E1B1DA5F63C}.release_win7|Win32.Build.0 = Release|x86
		{A09B408A-26A0-4FF8-83D5-6E1B1DA5F63C}.release_win7|x64.ActiveCfg = Release|Any CPU
		{A09B408A-26A0-4FF8-83D5-6E1B1DA5F63C}.release_win7|x86.ActiveCfg = Release|x86
		{A09B408A-26A0-4FF8-83D5-6E1B1DA5F63C}.release_win7|x86.Build.0 = Release|x86
		{A09B408A-26A0-4FF8-83D5-6E1B1DA5F63C}.Release|Any CPU.ActiveCfg = Release|Any CPU
		{A09B408A-26A0-4FF8-83D5-6E1B1DA5F63C}.Release|Any CPU.Build.0 = Release|Any CPU
		{A09B408A-26A0-4FF8-83D5-6E1B1DA5F63C}.Release|Mixed Platforms.ActiveCfg = Release|x86
		{A09B408A-26A0-4FF8-83D5-6E1B1DA5F63C}.Release|Mixed Platforms.Build.0 = Release|x86
		{A09B408A-26A0-4FF8-83D5-6E1B1DA5F63C}.Release|Win32.ActiveCfg = Release|x86
		{A09B408A-26A0-4FF8-83D5-6E1B1DA5F63C}.Release|Win32.Build.0 = Release|x86
		{A09B408A-26A0-4FF8-83D5-6E1B1DA5F63C}.Release|x64.ActiveCfg = Release|Any CPU
		{A09B408A-26A0-4FF8-83D5-6E1B1DA5F63C}.Release|x86.ActiveCfg = Release|x86
		{A09B408A-26A0-4FF8-83D5-6E1B1DA5F63C}.Release|x86.Build.0 = Release|x86
		{8AC0D054-1657-4C92-8AFA-64AACE9882EA}.debug_win7|Any CPU.ActiveCfg = Debug|Win32
		{8AC0D054-1657-4C92-8AFA-64AACE9882EA}.debug_win7|Mixed Platforms.ActiveCfg = Debug|Win32
		{8AC0D054-1657-4C92-8AFA-64AACE9882EA}.debug_win7|Mixed Platforms.Build.0 = Debug|Win32
		{8AC0D054-1657-4C92-8AFA-64AACE9882EA}.debug_win7|Win32.ActiveCfg = Debug|Win32
		{8AC0D054-1657-4C92-8AFA-64AACE9882EA}.debug_win7|Win32.Build.0 = Debug|Win32
		{8AC0D054-1657-4C92-8AFA-64AACE9882EA}.debug_win7|x64.ActiveCfg = Debug|Win32
		{8AC0D054-1657-4C92-8AFA-64AACE9882EA}.debug_win7|x86.ActiveCfg = Debug|Win32
		{8AC0D054-1657-4C92-8AFA-64AACE9882EA}.debug_win7|x86.Build.0 = Debug|Win32
		{8AC0D054-1657-4C92-8AFA-64AACE9882EA}.Debug|Any CPU.ActiveCfg = Debug|Win32
		{8AC0D054-1657-4C92-8AFA-64AACE9882EA}.Debug|Mixed Platforms.ActiveCfg = Debug|Win32
		{8AC0D054-1657-4C92-8AFA-64AACE9882EA}.Debug|Mixed Platforms.Build.0 = Debug|Win32
		{8AC0D054-1657-4C92-8AFA-64AACE9882EA}.Debug|Win32.ActiveCfg = Debug|Win32
		{8AC0D054-1657-4C92-8AFA-64AACE9882EA}.Debug|Win32.Build.0 = Debug|Win32
		{8AC0D054-1657-4C92-8AFA-64AACE9882EA}.Debug|x64.ActiveCfg = Debug|Win32
		{8AC0D054-1657-4C92-8AFA-64AACE9882EA}.Debug|x86.ActiveCfg = Debug|Win32
		{8AC0D054-1657-4C92-8AFA-64AACE9882EA}.Debug|x86.Build.0 = Debug|Win32
		{8AC0D054-1657-4C92-8AFA-64AACE9882EA}.release_win7|Any CPU.ActiveCfg = Release|Win32
		{8AC0D054-1657-4C92-8AFA-64AACE9882EA}.release_win7|Mixed Platforms.ActiveCfg = Release|Win32
		{8AC0D054-1657-4C92-8AFA-64AACE9882EA}.release_win7|Mixed Platforms.Build.0 = Release|Win32
		{8AC0D054-1657-4C92-8AFA-64AACE9882EA}.release_win7|Win32.ActiveCfg = Release|Win32
		{8AC0D054-1657-4C92-8AFA-64AACE9882EA}.release_win7|Win32.Build.0 = Release|Win32
		{8AC0D054-1657-4C92-8AFA-64AACE9882EA}.release_win7|x64.ActiveCfg = Release|Win32
		{8AC0D054-1657-4C92-8AFA-64AACE9882EA}.release_win7|x86.ActiveCfg = Release|Win32
		{8AC0D054-1657-4C92-8AFA-64AACE9882EA}.release_win7|x86.Build.0 = Release|Win32
		{8AC0D054-1657-4C92-8AFA-64AACE9882EA}.Release|Any CPU.ActiveCfg = Release|Win32
		{8AC0D054-1657-4C92-8AFA-64AACE9882EA}.Release|Mixed Platforms.ActiveCfg = Release|Win32
		{8AC0D054-1657-4C92-8AFA-64AACE9882EA}.Release|Mixed Platforms.Build.0 = Release|Win32
		{8AC0D054-1657-4C92-8AFA-64AACE9882EA}.Release|Win32.ActiveCfg = Release|Win32
		{8AC0D054-1657-4C92-8AFA-64AACE9882EA}.Release|Win32.Build.0 = Release|Win32
		{8AC0D054-1657-4C92-8AFA-64AACE9882EA}.Release|x64.ActiveCfg = Release|Win32
		{8AC0D054-1657-4C92-8AFA-64AACE9882EA}.Release|x86.ActiveCfg = Release|Win32
		{8AC0D054-1657-4C92-8AFA-64AACE9882EA}.Release|x86.Build.0 = Release|Win32
		{60AE528A-09AA-4511-A34C-A7927A6BB373}.debug_win7|Any CPU.ActiveCfg = Debug|Win32
		{60AE528A-09AA-4511-A34C-A7927A6BB373}.debug_win7|Mixed Platforms.ActiveCfg = Debug|Win32
		{60AE528A-09AA-4511-A34C-A7927A6BB373}.debug_win7|Mixed Platforms.Build.0 = Debug|Win32
		{60AE528A-09AA-4511-A34C-A7927A6BB373}.debug_win7|Win32.ActiveCfg = Debug|Win32
		{60AE528A-09AA-4511-A34C-A7927A6BB373}.debug_win7|Win32.Build.0 = Debug|Win32
		{60AE528A-09AA-4511-A34C-A7927A6BB373}.debug_win7|x64.ActiveCfg = Debug|Win32
		{60AE528A-09AA-4511-A34C-A7927A6BB373}.debug_win7|x86.ActiveCfg = Debug|Win32
		{60AE528A-09AA-4511-A34C-A7927A6BB373}.debug_win7|x86.Build.0 = Debug|Win32
		{60AE528A-09AA-4511-A34C-A7927A6BB373}.Debug|Any CPU.ActiveCfg = Debug|Win32
		{60AE528A-09AA-4511-A34C-A7927A6BB373}.Debug|Mixed Platforms.ActiveCfg = Debug|Win32
		{60AE528A-09AA-4511-A34C-A7927A6BB373}.Debug|Mixed Platforms.Build.0 = Debug|Win32
		{60AE528A-09AA-4511-A34C-A7927A6BB373}.Debug|Win32.ActiveCfg = Debug|Win32
		{60AE528A-09AA-4511-A34C-A7927A6BB373}.Debug|Win32.Build.0 = Debug|Win32
		{60AE528A-09AA-4511-A34C-A7927A6BB373}.Debug|x64.ActiveCfg = Debug|Win32
		{60AE528A-09AA-4511-A34C-A7927A6BB373}.Debug|x86.ActiveCfg = Debug|Win32
		{60AE528A-09AA-4511-A34C-A7927A6BB373}.Debug|x86.Build.0 = Debug|Win32
		{60AE528A-09AA-4511-A34C-A7927A6BB373}.release_win7|Any CPU.ActiveCfg = Release|Win32
		{60AE528A-09AA-4511-A34C-A7927A6BB373}.release_win7|Mixed Platforms.ActiveCfg = Release|Win32
		{60AE528A-09AA-4511-A34C-A7927A6BB373}.release_win7|Mixed Platforms.Build.0 = Release|Win32
		{60AE528A-09AA-4511-A34C-A7927A6BB373}.release_win7|Win32.ActiveCfg = Release|Win32
		{60AE528A-09AA-4511-A34C-A7927A6BB373}.release_win7|Win32.Build.0 = Release|Win32
		{60AE528A-09AA-4511-A34C-A7927A6BB373}.release_win7|x64.ActiveCfg = Release|Win32
		{60AE528A-09AA-4511-A34C-A7927A6BB373}.release_win7|x86.ActiveCfg = Release|Win32
		{60AE528A-09AA-4511-A34C-A7927A6BB373}.release_win7|x86.Build.0 = Release|Win32
		{60AE528A-09AA-4511-A34C-A7927A6BB373}.Release|Any CPU.ActiveCfg = Release|Win32
		{60AE528A-09AA-4511-A34C-A7927A6BB373}.Release|Mixed Platforms.ActiveCfg = Release|Win32
		{60AE528A-09AA-4511-A34C-A7927A6BB373}.Release|Mixed Platforms.Build.0 = Release|Win32
		{60AE528A-09AA-4511-A34C-A7927A6BB373}.Release|Win32.ActiveCfg = Release|Win32
		{60AE528A-09AA-4511-A34C-A7927A6BB373}.Release|Win32.Build.0 = Release|Win32
		{60AE528A-09AA-4511-A34C-A7927A6BB373}.Release|x64.ActiveCfg = Release|Win32
		{60AE528A-09AA-4511-A34C-A7927A6BB373}.Release|x86.ActiveCfg = Release|Win32
		{60AE528A-09AA-4511-A34C-A7927A6BB373}.Release|x86.Build.0 = Release|Win32
		{D27CF69D-4681-492A-BE4D-D3D209104423}.debug_win7|Any CPU.ActiveCfg = Debug|Any CPU
		{D27CF69D-4681-492A-BE4D-D3D209104423}.debug_win7|Any CPU.Build.0 = Debug|Any CPU
		{D27CF69D-4681-492A-BE4D-D3D209104423}.debug_win7|Mixed Platforms.ActiveCfg = Debug|Any CPU
		{D27CF69D-4681-492A-BE4D-D3D209104423}.debug_win7|Mixed Platforms.Build.0 = Debug|Any CPU
		{D27CF69D-4681-492A-BE4D-D3D209104423}.debug_win7|Win32.ActiveCfg = Debug|Any CPU
		{D27CF69D-4681-492A-BE4D-D3D209104423}.debug_win7|x64.ActiveCfg = Debug|Any CPU
		{D27CF69D-4681-492A-BE4D-D3D209104423}.debug_win7|x86.ActiveCfg = Debug|Any CPU
		{D27CF69D-4681-492A-BE4D-D3D209104423}.Debug|Any CPU.ActiveCfg = Debug|Any CPU
		{D27CF69D-4681-492A-BE4D-D3D209104423}.Debug|Any CPU.Build.0 = Debug|Any CPU
		{D27CF69D-4681-492A-BE4D-D3D209104423}.Debug|Mixed Platforms.ActiveCfg = Debug|Any CPU
		{D27CF69D-4681-492A-BE4D-D3D209104423}.Debug|Mixed Platforms.Build.0 = Debug|Any CPU
		{D27CF69D-4681-492A-BE4D-D3D209104423}.Debug|Win32.ActiveCfg = Debug|Any CPU
		{D27CF69D-4681-492A-BE4D-D3D209104423}.Debug|x64.ActiveCfg = Debug|Any CPU
		{D27CF69D-4681-492A-BE4D-D3D209104423}.Debug|x86.ActiveCfg = Debug|Any CPU
		{D27CF69D-4681-492A-BE4D-D3D209104423}.release_win7|Any CPU.ActiveCfg = Release|Any CPU
		{D27CF69D-4681-492A-BE4D-D3D209104423}.release_win7|Any CPU.Build.0 = Release|Any CPU
		{D27CF69D-4681-492A-BE4D-D3D209104423}.release_win7|Mixed Platforms.ActiveCfg = Release|Any CPU
		{D27CF69D-4681-492A-BE4D-D3D209104423}.release_win7|Mixed Platforms.Build.0 = Release|Any CPU
		{D27CF69D-4681-492A-BE4D-D3D209104423}.release_win7|Win32.ActiveCfg = Release|Any CPU
		{D27CF69D-4681-492A-BE4D-D3D209104423}.release_win7|x64.ActiveCfg = Release|Any CPU
		{D27CF69D-4681-492A-BE4D-D3D209104423}.release_win7|x86.ActiveCfg = Release|Any CPU
		{D27CF69D-4681-492A-BE4D-D3D209104423}.Release|Any CPU.ActiveCfg = Release|Any CPU
		{D27CF69D-4681-492A-BE4D-D3D209104423}.Release|Any CPU.Build.0 = Release|Any CPU
		{D27CF69D-4681-492A-BE4D-D3D209104423}.Release|Mixed Platforms.ActiveCfg = Release|Any CPU
		{D27CF69D-4681-492A-BE4D-D3D209104423}.Release|Mixed Platforms.Build.0 = Release|Any CPU
		{D27CF69D-4681-492A-BE4D-D3D209104423}.Release|Win32.ActiveCfg = Release|Any CPU
		{D27CF69D-4681-492A-BE4D-D3D209104423}.Release|x64.ActiveCfg = Release|Any CPU
		{D27CF69D-4681-492A-BE4D-D3D209104423}.Release|x86.ActiveCfg = Release|Any CPU
		{FB1D522E-1ACB-49DD-93D4-123E6EA13AED}.debug_win7|Any CPU.ActiveCfg = Debug|Any CPU
		{FB1D522E-1ACB-49DD-93D4-123E6EA13AED}.debug_win7|Any CPU.Build.0 = Debug|Any CPU
		{FB1D522E-1ACB-49DD-93D4-123E6EA13AED}.debug_win7|Mixed Platforms.ActiveCfg = Debug|Any CPU
		{FB1D522E-1ACB-49DD-93D4-123E6EA13AED}.debug_win7|Mixed Platforms.Build.0 = Debug|Any CPU
		{FB1D522E-1ACB-49DD-93D4-123E6EA13AED}.debug_win7|Win32.ActiveCfg = Debug|Any CPU
		{FB1D522E-1ACB-49DD-93D4-123E6EA13AED}.debug_win7|x64.ActiveCfg = Debug|Any CPU
		{FB1D522E-1ACB-49DD-93D4-123E6EA13AED}.debug_win7|x86.ActiveCfg = Debug|Any CPU
		{FB1D522E-1ACB-49DD-93D4-123E6EA13AED}.Debug|Any CPU.ActiveCfg = Debug|Any CPU
		{FB1D522E-1ACB-49DD-93D4-123E6EA13AED}.Debug|Any CPU.Build.0 = Debug|Any CPU
		{FB1D522E-1ACB-49DD-93D4-123E6EA13AED}.Debug|Mixed Platforms.ActiveCfg = Debug|Any CPU
		{FB1D522E-1ACB-49DD-93D4-123E6EA13AED}.Debug|Mixed Platforms.Build.0 = Debug|Any CPU
		{FB1D522E-1ACB-49DD-93D4-123E6EA13AED}.Debug|Win32.ActiveCfg = Debug|Any CPU
		{FB1D522E-1ACB-49DD-93D4-123E6EA13AED}.Debug|x64.ActiveCfg = Debug|Any CPU
		{FB1D522E-1ACB-49DD-93D4-123E6EA13AED}.Debug|x86.ActiveCfg = Debug|Any CPU
		{FB1D522E-1ACB-49DD-93D4-123E6EA13AED}.release_win7|Any CPU.ActiveCfg = Release|Any CPU
		{FB1D522E-1ACB-49DD-93D4-123E6EA13AED}.release_win7|Any CPU.Build.0 = Release|Any CPU
		{FB1D522E-1ACB-49DD-93D4-123E6EA13AED}.release_win7|Mixed Platforms.ActiveCfg = Release|Any CPU
		{FB1D522E-1ACB-49DD-93D4-123E6EA13AED}.release_win7|Mixed Platforms.Build.0 = Release|Any CPU
		{FB1D522E-1ACB-49DD-93D4-123E6EA13AED}.release_win7|Win32.ActiveCfg = Release|Any CPU
		{FB1D522E-1ACB-49DD-93D4-123E6EA13AED}.release_win7|x64.ActiveCfg = Release|Any CPU
		{FB1D522E-1ACB-49DD-93D4-123E6EA13AED}.release_win7|x86.ActiveCfg = Release|Any CPU
		{FB1D522E-1ACB-49DD-93D4-123E6EA13AED}.Release|Any CPU.ActiveCfg = Release|Any CPU
		{FB1D522E-1ACB-49DD-93D4-123E6EA13AED}.Release|Any CPU.Build.0 = Release|Any CPU
		{FB1D522E-1ACB-49DD-93D4-123E6EA13AED}.Release|Mixed Platforms.ActiveCfg = Release|Any CPU
		{FB1D522E-1ACB-49DD-93D4-123E6EA13AED}.Release|Mixed Platforms.Build.0 = Release|Any CPU
		{FB1D522E-1ACB-49DD-93D4-123E6EA13AED}.Release|Win32.ActiveCfg = Release|Any CPU
		{FB1D522E-1ACB-49DD-93D4-123E6EA13AED}.Release|x64.ActiveCfg = Release|Any CPU
		{FB1D522E-1ACB-49DD-93D4-123E6EA13AED}.Release|x86.ActiveCfg = Release|Any CPU
	EndGlobalSection
	GlobalSection(SolutionProperties) = preSolution
		HideSolutionNode = FALSE
	EndGlobalSection
EndGlobal
