
Microsoft Visual Studio Solution File, Format Version 12.00
# Visual Studio 2013
VisualStudioVersion = 12.0.21005.1
MinimumVisualStudioVersion = 10.0.40219.1
Project("{8BC9CEB8-8B4A-11D0-8D11-00A0C91BC942}") = "DokanXSys", "DokanXSys\DokanXSys.vcxproj", "{19F80A40-03EF-4D7F-BFA3-702FA479C3C3}"
	ProjectSection(ProjectDependencies) = postProject
		{F25BA22F-2AB8-4859-9B89-8FE1E774B472} = {F25BA22F-2AB8-4859-9B89-8FE1E774B472}
		{6053D32F-0C6B-4A75-A5FD-D8143785ABB0} = {6053D32F-0C6B-4A75-A5FD-D8143785ABB0}
		{DADCBCAD-4429-422E-9FA9-D8E538D0EF94} = {DADCBCAD-4429-422E-9FA9-D8E538D0EF94}
		{688763EB-771C-44AA-A514-DF306DE83D83} = {688763EB-771C-44AA-A514-DF306DE83D83}
		{A1881DF2-0A37-4AF4-86DC-EE0251CC6EA6} = {A1881DF2-0A37-4AF4-86DC-EE0251CC6EA6}
	EndProjectSection
EndProject
Project("{8BC9CEB8-8B4A-11D0-8D11-00A0C91BC942}") = "DokanXSys Package", "DokanXSys Package\DokanXSys Package.vcxproj", "{753B2DF0-9BCD-4803-A73E-A4B4E986C58A}"
	ProjectSection(ProjectDependencies) = postProject
		{19F80A40-03EF-4D7F-BFA3-702FA479C3C3} = {19F80A40-03EF-4D7F-BFA3-702FA479C3C3}
	EndProjectSection
EndProject
Project("{8BC9CEB8-8B4A-11D0-8D11-00A0C91BC942}") = "dokanx", "dokanx\dokanx.vcxproj", "{F25BA22F-2AB8-4859-9B89-8FE1E774B472}"
EndProject
Project("{8BC9CEB8-8B4A-11D0-8D11-00A0C91BC942}") = "dokanx_control", "dokanx_control\dokanx_control.vcxproj", "{A1881DF2-0A37-4AF4-86DC-EE0251CC6EA6}"
EndProject
Project("{8BC9CEB8-8B4A-11D0-8D11-00A0C91BC942}") = "dokanx_mount", "dokanx_mount\dokanx_mount.vcxproj", "{688763EB-771C-44AA-A514-DF306DE83D83}"
EndProject
Project("{8BC9CEB8-8B4A-11D0-8D11-00A0C91BC942}") = "mirrorfs", "mirrorfs\mirrorfs.vcxproj", "{DADCBCAD-4429-422E-9FA9-D8E538D0EF94}"
EndProject
Project("{8BC9CEB8-8B4A-11D0-8D11-00A0C91BC942}") = "Common", "Common\Common.vcxproj", "{6053D32F-0C6B-4A75-A5FD-D8143785ABB0}"
EndProject
Global
	GlobalSection(SolutionConfigurationPlatforms) = preSolution
		Debug|Win32 = Debug|Win32
		Debug|x64 = Debug|x64
		Release|Win32 = Release|Win32
		Release|x64 = Release|x64
		Win7 Debug|Win32 = Win7 Debug|Win32
		Win7 Debug|x64 = Win7 Debug|x64
		Win7 Release|Win32 = Win7 Release|Win32
		Win7 Release|x64 = Win7 Release|x64
		Win8 Debug|Win32 = Win8 Debug|Win32
		Win8 Debug|x64 = Win8 Debug|x64
		Win8 Release|Win32 = Win8 Release|Win32
		Win8 Release|x64 = Win8 Release|x64
		Win8.1 Debug|Win32 = Win8.1 Debug|Win32
		Win8.1 Debug|x64 = Win8.1 Debug|x64
		Win8.1 Release|Win32 = Win8.1 Release|Win32
		Win8.1 Release|x64 = Win8.1 Release|x64
	EndGlobalSection
	GlobalSection(ProjectConfigurationPlatforms) = postSolution
		{19F80A40-03EF-4D7F-BFA3-702FA479C3C3}.Debug|Win32.ActiveCfg = Win8.1 Debug|Win32
		{19F80A40-03EF-4D7F-BFA3-702FA479C3C3}.Debug|Win32.Build.0 = Win8.1 Debug|Win32
		{19F80A40-03EF-4D7F-BFA3-702FA479C3C3}.Debug|Win32.Deploy.0 = Win8.1 Debug|Win32
		{19F80A40-03EF-4D7F-BFA3-702FA479C3C3}.Debug|x64.ActiveCfg = Win8.1 Debug|x64
		{19F80A40-03EF-4D7F-BFA3-702FA479C3C3}.Debug|x64.Build.0 = Win8.1 Debug|x64
		{19F80A40-03EF-4D7F-BFA3-702FA479C3C3}.Debug|x64.Deploy.0 = Win8.1 Debug|x64
		{19F80A40-03EF-4D7F-BFA3-702FA479C3C3}.Release|Win32.ActiveCfg = Win8.1 Release|Win32
		{19F80A40-03EF-4D7F-BFA3-702FA479C3C3}.Release|Win32.Build.0 = Win8.1 Release|Win32
		{19F80A40-03EF-4D7F-BFA3-702FA479C3C3}.Release|Win32.Deploy.0 = Win8.1 Release|Win32
		{19F80A40-03EF-4D7F-BFA3-702FA479C3C3}.Release|x64.ActiveCfg = Win8.1 Release|x64
		{19F80A40-03EF-4D7F-BFA3-702FA479C3C3}.Release|x64.Build.0 = Win8.1 Release|x64
		{19F80A40-03EF-4D7F-BFA3-702FA479C3C3}.Release|x64.Deploy.0 = Win8.1 Release|x64
		{19F80A40-03EF-4D7F-BFA3-702FA479C3C3}.Win7 Debug|Win32.ActiveCfg = Win7 Debug|Win32
		{19F80A40-03EF-4D7F-BFA3-702FA479C3C3}.Win7 Debug|Win32.Build.0 = Win7 Debug|Win32
		{19F80A40-03EF-4D7F-BFA3-702FA479C3C3}.Win7 Debug|Win32.Deploy.0 = Win7 Debug|Win32
		{19F80A40-03EF-4D7F-BFA3-702FA479C3C3}.Win7 Debug|x64.ActiveCfg = Win7 Debug|x64
		{19F80A40-03EF-4D7F-BFA3-702FA479C3C3}.Win7 Debug|x64.Build.0 = Win7 Debug|x64
		{19F80A40-03EF-4D7F-BFA3-702FA479C3C3}.Win7 Debug|x64.Deploy.0 = Win7 Debug|x64
		{19F80A40-03EF-4D7F-BFA3-702FA479C3C3}.Win7 Release|Win32.ActiveCfg = Win7 Release|Win32
		{19F80A40-03EF-4D7F-BFA3-702FA479C3C3}.Win7 Release|Win32.Build.0 = Win7 Release|Win32
		{19F80A40-03EF-4D7F-BFA3-702FA479C3C3}.Win7 Release|Win32.Deploy.0 = Win7 Release|Win32
		{19F80A40-03EF-4D7F-BFA3-702FA479C3C3}.Win7 Release|x64.ActiveCfg = Win7 Release|x64
		{19F80A40-03EF-4D7F-BFA3-702FA479C3C3}.Win7 Release|x64.Build.0 = Win7 Release|x64
		{19F80A40-03EF-4D7F-BFA3-702FA479C3C3}.Win7 Release|x64.Deploy.0 = Win7 Release|x64
		{19F80A40-03EF-4D7F-BFA3-702FA479C3C3}.Win8 Debug|Win32.ActiveCfg = Win8 Debug|Win32
		{19F80A40-03EF-4D7F-BFA3-702FA479C3C3}.Win8 Debug|Win32.Build.0 = Win8 Debug|Win32
		{19F80A40-03EF-4D7F-BFA3-702FA479C3C3}.Win8 Debug|Win32.Deploy.0 = Win8 Debug|Win32
		{19F80A40-03EF-4D7F-BFA3-702FA479C3C3}.Win8 Debug|x64.ActiveCfg = Win8 Debug|x64
		{19F80A40-03EF-4D7F-BFA3-702FA479C3C3}.Win8 Debug|x64.Build.0 = Win8 Debug|x64
		{19F80A40-03EF-4D7F-BFA3-702FA479C3C3}.Win8 Debug|x64.Deploy.0 = Win8 Debug|x64
		{19F80A40-03EF-4D7F-BFA3-702FA479C3C3}.Win8 Release|Win32.ActiveCfg = Win8 Release|Win32
		{19F80A40-03EF-4D7F-BFA3-702FA479C3C3}.Win8 Release|Win32.Build.0 = Win8 Release|Win32
		{19F80A40-03EF-4D7F-BFA3-702FA479C3C3}.Win8 Release|Win32.Deploy.0 = Win8 Release|Win32
		{19F80A40-03EF-4D7F-BFA3-702FA479C3C3}.Win8 Release|x64.ActiveCfg = Win8 Release|x64
		{19F80A40-03EF-4D7F-BFA3-702FA479C3C3}.Win8 Release|x64.Build.0 = Win8 Release|x64
		{19F80A40-03EF-4D7F-BFA3-702FA479C3C3}.Win8 Release|x64.Deploy.0 = Win8 Release|x64
		{19F80A40-03EF-4D7F-BFA3-702FA479C3C3}.Win8.1 Debug|Win32.ActiveCfg = Win8.1 Debug|Win32
		{19F80A40-03EF-4D7F-BFA3-702FA479C3C3}.Win8.1 Debug|Win32.Build.0 = Win8.1 Debug|Win32
		{19F80A40-03EF-4D7F-BFA3-702FA479C3C3}.Win8.1 Debug|Win32.Deploy.0 = Win8.1 Debug|Win32
		{19F80A40-03EF-4D7F-BFA3-702FA479C3C3}.Win8.1 Debug|x64.ActiveCfg = Win8.1 Debug|x64
		{19F80A40-03EF-4D7F-BFA3-702FA479C3C3}.Win8.1 Debug|x64.Build.0 = Win8.1 Debug|x64
		{19F80A40-03EF-4D7F-BFA3-702FA479C3C3}.Win8.1 Debug|x64.Deploy.0 = Win8.1 Debug|x64
		{19F80A40-03EF-4D7F-BFA3-702FA479C3C3}.Win8.1 Release|Win32.ActiveCfg = Win8.1 Release|Win32
		{19F80A40-03EF-4D7F-BFA3-702FA479C3C3}.Win8.1 Release|Win32.Build.0 = Win8.1 Release|Win32
		{19F80A40-03EF-4D7F-BFA3-702FA479C3C3}.Win8.1 Release|Win32.Deploy.0 = Win8.1 Release|Win32
		{19F80A40-03EF-4D7F-BFA3-702FA479C3C3}.Win8.1 Release|x64.ActiveCfg = Win8.1 Release|x64
		{19F80A40-03EF-4D7F-BFA3-702FA479C3C3}.Win8.1 Release|x64.Build.0 = Win8.1 Release|x64
		{19F80A40-03EF-4D7F-BFA3-702FA479C3C3}.Win8.1 Release|x64.Deploy.0 = Win8.1 Release|x64
		{753B2DF0-9BCD-4803-A73E-A4B4E986C58A}.Debug|Win32.ActiveCfg = Win8.1 Debug|Win32
		{753B2DF0-9BCD-4803-A73E-A4B4E986C58A}.Debug|Win32.Build.0 = Win8.1 Debug|Win32
		{753B2DF0-9BCD-4803-A73E-A4B4E986C58A}.Debug|Win32.Deploy.0 = Win8.1 Debug|Win32
		{753B2DF0-9BCD-4803-A73E-A4B4E986C58A}.Debug|x64.ActiveCfg = Win8.1 Debug|x64
		{753B2DF0-9BCD-4803-A73E-A4B4E986C58A}.Debug|x64.Build.0 = Win8.1 Debug|x64
		{753B2DF0-9BCD-4803-A73E-A4B4E986C58A}.Debug|x64.Deploy.0 = Win8.1 Debug|x64
		{753B2DF0-9BCD-4803-A73E-A4B4E986C58A}.Release|Win32.ActiveCfg = Win8.1 Release|Win32
		{753B2DF0-9BCD-4803-A73E-A4B4E986C58A}.Release|Win32.Build.0 = Win8.1 Release|Win32
		{753B2DF0-9BCD-4803-A73E-A4B4E986C58A}.Release|Win32.Deploy.0 = Win8.1 Release|Win32
		{753B2DF0-9BCD-4803-A73E-A4B4E986C58A}.Release|x64.ActiveCfg = Win8.1 Release|x64
		{753B2DF0-9BCD-4803-A73E-A4B4E986C58A}.Release|x64.Build.0 = Win8.1 Release|x64
		{753B2DF0-9BCD-4803-A73E-A4B4E986C58A}.Release|x64.Deploy.0 = Win8.1 Release|x64
		{753B2DF0-9BCD-4803-A73E-A4B4E986C58A}.Win7 Debug|Win32.ActiveCfg = Win7 Debug|Win32
		{753B2DF0-9BCD-4803-A73E-A4B4E986C58A}.Win7 Debug|Win32.Build.0 = Win7 Debug|Win32
		{753B2DF0-9BCD-4803-A73E-A4B4E986C58A}.Win7 Debug|Win32.Deploy.0 = Win7 Debug|Win32
		{753B2DF0-9BCD-4803-A73E-A4B4E986C58A}.Win7 Debug|x64.ActiveCfg = Win7 Debug|x64
		{753B2DF0-9BCD-4803-A73E-A4B4E986C58A}.Win7 Debug|x64.Build.0 = Win7 Debug|x64
		{753B2DF0-9BCD-4803-A73E-A4B4E986C58A}.Win7 Debug|x64.Deploy.0 = Win7 Debug|x64
		{753B2DF0-9BCD-4803-A73E-A4B4E986C58A}.Win7 Release|Win32.ActiveCfg = Win7 Release|Win32
		{753B2DF0-9BCD-4803-A73E-A4B4E986C58A}.Win7 Release|Win32.Build.0 = Win7 Release|Win32
		{753B2DF0-9BCD-4803-A73E-A4B4E986C58A}.Win7 Release|Win32.Deploy.0 = Win7 Release|Win32
		{753B2DF0-9BCD-4803-A73E-A4B4E986C58A}.Win7 Release|x64.ActiveCfg = Win7 Release|x64
		{753B2DF0-9BCD-4803-A73E-A4B4E986C58A}.Win7 Release|x64.Build.0 = Win7 Release|x64
		{753B2DF0-9BCD-4803-A73E-A4B4E986C58A}.Win7 Release|x64.Deploy.0 = Win7 Release|x64
		{753B2DF0-9BCD-4803-A73E-A4B4E986C58A}.Win8 Debug|Win32.ActiveCfg = Win8 Debug|Win32
		{753B2DF0-9BCD-4803-A73E-A4B4E986C58A}.Win8 Debug|Win32.Build.0 = Win8 Debug|Win32
		{753B2DF0-9BCD-4803-A73E-A4B4E986C58A}.Win8 Debug|Win32.Deploy.0 = Win8 Debug|Win32
		{753B2DF0-9BCD-4803-A73E-A4B4E986C58A}.Win8 Debug|x64.ActiveCfg = Win8 Debug|x64
		{753B2DF0-9BCD-4803-A73E-A4B4E986C58A}.Win8 Debug|x64.Build.0 = Win8 Debug|x64
		{753B2DF0-9BCD-4803-A73E-A4B4E986C58A}.Win8 Debug|x64.Deploy.0 = Win8 Debug|x64
		{753B2DF0-9BCD-4803-A73E-A4B4E986C58A}.Win8 Release|Win32.ActiveCfg = Win8 Release|Win32
		{753B2DF0-9BCD-4803-A73E-A4B4E986C58A}.Win8 Release|Win32.Build.0 = Win8 Release|Win32
		{753B2DF0-9BCD-4803-A73E-A4B4E986C58A}.Win8 Release|Win32.Deploy.0 = Win8 Release|Win32
		{753B2DF0-9BCD-4803-A73E-A4B4E986C58A}.Win8 Release|x64.ActiveCfg = Win8 Release|x64
		{753B2DF0-9BCD-4803-A73E-A4B4E986C58A}.Win8 Release|x64.Build.0 = Win8 Release|x64
		{753B2DF0-9BCD-4803-A73E-A4B4E986C58A}.Win8 Release|x64.Deploy.0 = Win8 Release|x64
		{753B2DF0-9BCD-4803-A73E-A4B4E986C58A}.Win8.1 Debug|Win32.ActiveCfg = Win8.1 Debug|Win32
		{753B2DF0-9BCD-4803-A73E-A4B4E986C58A}.Win8.1 Debug|Win32.Build.0 = Win8.1 Debug|Win32
		{753B2DF0-9BCD-4803-A73E-A4B4E986C58A}.Win8.1 Debug|Win32.Deploy.0 = Win8.1 Debug|Win32
		{753B2DF0-9BCD-4803-A73E-A4B4E986C58A}.Win8.1 Debug|x64.ActiveCfg = Win8.1 Debug|x64
		{753B2DF0-9BCD-4803-A73E-A4B4E986C58A}.Win8.1 Debug|x64.Build.0 = Win8.1 Debug|x64
		{753B2DF0-9BCD-4803-A73E-A4B4E986C58A}.Win8.1 Debug|x64.Deploy.0 = Win8.1 Debug|x64
		{753B2DF0-9BCD-4803-A73E-A4B4E986C58A}.Win8.1 Release|Win32.ActiveCfg = Win8.1 Release|Win32
		{753B2DF0-9BCD-4803-A73E-A4B4E986C58A}.Win8.1 Release|Win32.Build.0 = Win8.1 Release|Win32
		{753B2DF0-9BCD-4803-A73E-A4B4E986C58A}.Win8.1 Release|Win32.Deploy.0 = Win8.1 Release|Win32
		{753B2DF0-9BCD-4803-A73E-A4B4E986C58A}.Win8.1 Release|x64.ActiveCfg = Win8.1 Release|x64
		{753B2DF0-9BCD-4803-A73E-A4B4E986C58A}.Win8.1 Release|x64.Build.0 = Win8.1 Release|x64
		{753B2DF0-9BCD-4803-A73E-A4B4E986C58A}.Win8.1 Release|x64.Deploy.0 = Win8.1 Release|x64
		{F25BA22F-2AB8-4859-9B89-8FE1E774B472}.Debug|Win32.ActiveCfg = Debug|Win32
		{F25BA22F-2AB8-4859-9B89-8FE1E774B472}.Debug|Win32.Build.0 = Debug|Win32
		{F25BA22F-2AB8-4859-9B89-8FE1E774B472}.Debug|Win32.Deploy.0 = Debug|Win32
		{F25BA22F-2AB8-4859-9B89-8FE1E774B472}.Debug|x64.ActiveCfg = Debug|Win32
		{F25BA22F-2AB8-4859-9B89-8FE1E774B472}.Release|Win32.ActiveCfg = Release|Win32
		{F25BA22F-2AB8-4859-9B89-8FE1E774B472}.Release|Win32.Build.0 = Release|Win32
		{F25BA22F-2AB8-4859-9B89-8FE1E774B472}.Release|Win32.Deploy.0 = Release|Win32
		{F25BA22F-2AB8-4859-9B89-8FE1E774B472}.Release|x64.ActiveCfg = Release|Win32
		{F25BA22F-2AB8-4859-9B89-8FE1E774B472}.Win7 Debug|Win32.ActiveCfg = Debug|Win32
		{F25BA22F-2AB8-4859-9B89-8FE1E774B472}.Win7 Debug|Win32.Build.0 = Debug|Win32
		{F25BA22F-2AB8-4859-9B89-8FE1E774B472}.Win7 Debug|Win32.Deploy.0 = Debug|Win32
		{F25BA22F-2AB8-4859-9B89-8FE1E774B472}.Win7 Debug|x64.ActiveCfg = Debug|Win32
		{F25BA22F-2AB8-4859-9B89-8FE1E774B472}.Win7 Release|Win32.ActiveCfg = Release|Win32
		{F25BA22F-2AB8-4859-9B89-8FE1E774B472}.Win7 Release|Win32.Build.0 = Release|Win32
		{F25BA22F-2AB8-4859-9B89-8FE1E774B472}.Win7 Release|Win32.Deploy.0 = Release|Win32
		{F25BA22F-2AB8-4859-9B89-8FE1E774B472}.Win7 Release|x64.ActiveCfg = Release|Win32
		{F25BA22F-2AB8-4859-9B89-8FE1E774B472}.Win8 Debug|Win32.ActiveCfg = Debug|Win32
		{F25BA22F-2AB8-4859-9B89-8FE1E774B472}.Win8 Debug|Win32.Build.0 = Debug|Win32
		{F25BA22F-2AB8-4859-9B89-8FE1E774B472}.Win8 Debug|Win32.Deploy.0 = Debug|Win32
		{F25BA22F-2AB8-4859-9B89-8FE1E774B472}.Win8 Debug|x64.ActiveCfg = Debug|Win32
		{F25BA22F-2AB8-4859-9B89-8FE1E774B472}.Win8 Release|Win32.ActiveCfg = Release|Win32
		{F25BA22F-2AB8-4859-9B89-8FE1E774B472}.Win8 Release|Win32.Build.0 = Release|Win32
		{F25BA22F-2AB8-4859-9B89-8FE1E774B472}.Win8 Release|Win32.Deploy.0 = Release|Win32
		{F25BA22F-2AB8-4859-9B89-8FE1E774B472}.Win8 Release|x64.ActiveCfg = Release|Win32
		{F25BA22F-2AB8-4859-9B89-8FE1E774B472}.Win8.1 Debug|Win32.ActiveCfg = Debug|Win32
		{F25BA22F-2AB8-4859-9B89-8FE1E774B472}.Win8.1 Debug|Win32.Build.0 = Debug|Win32
		{F25BA22F-2AB8-4859-9B89-8FE1E774B472}.Win8.1 Debug|Win32.Deploy.0 = Debug|Win32
		{F25BA22F-2AB8-4859-9B89-8FE1E774B472}.Win8.1 Debug|x64.ActiveCfg = Debug|Win32
		{F25BA22F-2AB8-4859-9B89-8FE1E774B472}.Win8.1 Release|Win32.ActiveCfg = Release|Win32
		{F25BA22F-2AB8-4859-9B89-8FE1E774B472}.Win8.1 Release|Win32.Build.0 = Release|Win32
		{F25BA22F-2AB8-4859-9B89-8FE1E774B472}.Win8.1 Release|Win32.Deploy.0 = Release|Win32
		{F25BA22F-2AB8-4859-9B89-8FE1E774B472}.Win8.1 Release|x64.ActiveCfg = Release|Win32
		{A1881DF2-0A37-4AF4-86DC-EE0251CC6EA6}.Debug|Win32.ActiveCfg = Debug|Win32
		{A1881DF2-0A37-4AF4-86DC-EE0251CC6EA6}.Debug|Win32.Build.0 = Debug|Win32
		{A1881DF2-0A37-4AF4-86DC-EE0251CC6EA6}.Debug|Win32.Deploy.0 = Debug|Win32
		{A1881DF2-0A37-4AF4-86DC-EE0251CC6EA6}.Debug|x64.ActiveCfg = Debug|Win32
		{A1881DF2-0A37-4AF4-86DC-EE0251CC6EA6}.Release|Win32.ActiveCfg = Release|Win32
		{A1881DF2-0A37-4AF4-86DC-EE0251CC6EA6}.Release|Win32.Build.0 = Release|Win32
		{A1881DF2-0A37-4AF4-86DC-EE0251CC6EA6}.Release|Win32.Deploy.0 = Release|Win32
		{A1881DF2-0A37-4AF4-86DC-EE0251CC6EA6}.Release|x64.ActiveCfg = Release|Win32
		{A1881DF2-0A37-4AF4-86DC-EE0251CC6EA6}.Win7 Debug|Win32.ActiveCfg = Debug|Win32
		{A1881DF2-0A37-4AF4-86DC-EE0251CC6EA6}.Win7 Debug|Win32.Build.0 = Debug|Win32
		{A1881DF2-0A37-4AF4-86DC-EE0251CC6EA6}.Win7 Debug|Win32.Deploy.0 = Debug|Win32
		{A1881DF2-0A37-4AF4-86DC-EE0251CC6EA6}.Win7 Debug|x64.ActiveCfg = Debug|Win32
		{A1881DF2-0A37-4AF4-86DC-EE0251CC6EA6}.Win7 Release|Win32.ActiveCfg = Release|Win32
		{A1881DF2-0A37-4AF4-86DC-EE0251CC6EA6}.Win7 Release|Win32.Build.0 = Release|Win32
		{A1881DF2-0A37-4AF4-86DC-EE0251CC6EA6}.Win7 Release|Win32.Deploy.0 = Release|Win32
		{A1881DF2-0A37-4AF4-86DC-EE0251CC6EA6}.Win7 Release|x64.ActiveCfg = Release|Win32
		{A1881DF2-0A37-4AF4-86DC-EE0251CC6EA6}.Win8 Debug|Win32.ActiveCfg = Debug|Win32
		{A1881DF2-0A37-4AF4-86DC-EE0251CC6EA6}.Win8 Debug|Win32.Build.0 = Debug|Win32
		{A1881DF2-0A37-4AF4-86DC-EE0251CC6EA6}.Win8 Debug|Win32.Deploy.0 = Debug|Win32
		{A1881DF2-0A37-4AF4-86DC-EE0251CC6EA6}.Win8 Debug|x64.ActiveCfg = Debug|Win32
		{A1881DF2-0A37-4AF4-86DC-EE0251CC6EA6}.Win8 Release|Win32.ActiveCfg = Release|Win32
		{A1881DF2-0A37-4AF4-86DC-EE0251CC6EA6}.Win8 Release|Win32.Build.0 = Release|Win32
		{A1881DF2-0A37-4AF4-86DC-EE0251CC6EA6}.Win8 Release|Win32.Deploy.0 = Release|Win32
		{A1881DF2-0A37-4AF4-86DC-EE0251CC6EA6}.Win8 Release|x64.ActiveCfg = Release|Win32
		{A1881DF2-0A37-4AF4-86DC-EE0251CC6EA6}.Win8.1 Debug|Win32.ActiveCfg = Debug|Win32
		{A1881DF2-0A37-4AF4-86DC-EE0251CC6EA6}.Win8.1 Debug|Win32.Build.0 = Debug|Win32
		{A1881DF2-0A37-4AF4-86DC-EE0251CC6EA6}.Win8.1 Debug|Win32.Deploy.0 = Debug|Win32
		{A1881DF2-0A37-4AF4-86DC-EE0251CC6EA6}.Win8.1 Debug|x64.ActiveCfg = Debug|Win32
		{A1881DF2-0A37-4AF4-86DC-EE0251CC6EA6}.Win8.1 Release|Win32.ActiveCfg = Release|Win32
		{A1881DF2-0A37-4AF4-86DC-EE0251CC6EA6}.Win8.1 Release|Win32.Build.0 = Release|Win32
		{A1881DF2-0A37-4AF4-86DC-EE0251CC6EA6}.Win8.1 Release|Win32.Deploy.0 = Release|Win32
		{A1881DF2-0A37-4AF4-86DC-EE0251CC6EA6}.Win8.1 Release|x64.ActiveCfg = Release|Win32
		{688763EB-771C-44AA-A514-DF306DE83D83}.Debug|Win32.ActiveCfg = Debug|Win32
		{688763EB-771C-44AA-A514-DF306DE83D83}.Debug|Win32.Build.0 = Debug|Win32
		{688763EB-771C-44AA-A514-DF306DE83D83}.Debug|Win32.Deploy.0 = Debug|Win32
		{688763EB-771C-44AA-A514-DF306DE83D83}.Debug|x64.ActiveCfg = Debug|Win32
		{688763EB-771C-44AA-A514-DF306DE83D83}.Release|Win32.ActiveCfg = Release|Win32
		{688763EB-771C-44AA-A514-DF306DE83D83}.Release|Win32.Build.0 = Release|Win32
		{688763EB-771C-44AA-A514-DF306DE83D83}.Release|Win32.Deploy.0 = Release|Win32
		{688763EB-771C-44AA-A514-DF306DE83D83}.Release|x64.ActiveCfg = Release|Win32
		{688763EB-771C-44AA-A514-DF306DE83D83}.Win7 Debug|Win32.ActiveCfg = Debug|Win32
		{688763EB-771C-44AA-A514-DF306DE83D83}.Win7 Debug|Win32.Build.0 = Debug|Win32
		{688763EB-771C-44AA-A514-DF306DE83D83}.Win7 Debug|Win32.Deploy.0 = Debug|Win32
		{688763EB-771C-44AA-A514-DF306DE83D83}.Win7 Debug|x64.ActiveCfg = Debug|Win32
		{688763EB-771C-44AA-A514-DF306DE83D83}.Win7 Release|Win32.ActiveCfg = Release|Win32
		{688763EB-771C-44AA-A514-DF306DE83D83}.Win7 Release|Win32.Build.0 = Release|Win32
		{688763EB-771C-44AA-A514-DF306DE83D83}.Win7 Release|Win32.Deploy.0 = Release|Win32
		{688763EB-771C-44AA-A514-DF306DE83D83}.Win7 Release|x64.ActiveCfg = Release|Win32
		{688763EB-771C-44AA-A514-DF306DE83D83}.Win8 Debug|Win32.ActiveCfg = Debug|Win32
		{688763EB-771C-44AA-A514-DF306DE83D83}.Win8 Debug|Win32.Build.0 = Debug|Win32
		{688763EB-771C-44AA-A514-DF306DE83D83}.Win8 Debug|Win32.Deploy.0 = Debug|Win32
		{688763EB-771C-44AA-A514-DF306DE83D83}.Win8 Debug|x64.ActiveCfg = Debug|Win32
		{688763EB-771C-44AA-A514-DF306DE83D83}.Win8 Release|Win32.ActiveCfg = Release|Win32
		{688763EB-771C-44AA-A514-DF306DE83D83}.Win8 Release|Win32.Build.0 = Release|Win32
		{688763EB-771C-44AA-A514-DF306DE83D83}.Win8 Release|Win32.Deploy.0 = Release|Win32
		{688763EB-771C-44AA-A514-DF306DE83D83}.Win8 Release|x64.ActiveCfg = Release|Win32
		{688763EB-771C-44AA-A514-DF306DE83D83}.Win8.1 Debug|Win32.ActiveCfg = Debug|Win32
		{688763EB-771C-44AA-A514-DF306DE83D83}.Win8.1 Debug|Win32.Build.0 = Debug|Win32
		{688763EB-771C-44AA-A514-DF306DE83D83}.Win8.1 Debug|Win32.Deploy.0 = Debug|Win32
		{688763EB-771C-44AA-A514-DF306DE83D83}.Win8.1 Debug|x64.ActiveCfg = Debug|Win32
		{688763EB-771C-44AA-A514-DF306DE83D83}.Win8.1 Release|Win32.ActiveCfg = Release|Win32
		{688763EB-771C-44AA-A514-DF306DE83D83}.Win8.1 Release|Win32.Build.0 = Release|Win32
		{688763EB-771C-44AA-A514-DF306DE83D83}.Win8.1 Release|Win32.Deploy.0 = Release|Win32
		{688763EB-771C-44AA-A514-DF306DE83D83}.Win8.1 Release|x64.ActiveCfg = Release|Win32
		{DADCBCAD-4429-422E-9FA9-D8E538D0EF94}.Debug|Win32.ActiveCfg = Debug|Win32
		{DADCBCAD-4429-422E-9FA9-D8E538D0EF94}.Debug|Win32.Build.0 = Debug|Win32
		{DADCBCAD-4429-422E-9FA9-D8E538D0EF94}.Debug|Win32.Deploy.0 = Debug|Win32
		{DADCBCAD-4429-422E-9FA9-D8E538D0EF94}.Debug|x64.ActiveCfg = Debug|Win32
		{DADCBCAD-4429-422E-9FA9-D8E538D0EF94}.Release|Win32.ActiveCfg = Release|Win32
		{DADCBCAD-4429-422E-9FA9-D8E538D0EF94}.Release|Win32.Build.0 = Release|Win32
		{DADCBCAD-4429-422E-9FA9-D8E538D0EF94}.Release|Win32.Deploy.0 = Release|Win32
		{DADCBCAD-4429-422E-9FA9-D8E538D0EF94}.Release|x64.ActiveCfg = Release|Win32
		{DADCBCAD-4429-422E-9FA9-D8E538D0EF94}.Win7 Debug|Win32.ActiveCfg = Debug|Win32
		{DADCBCAD-4429-422E-9FA9-D8E538D0EF94}.Win7 Debug|Win32.Build.0 = Debug|Win32
		{DADCBCAD-4429-422E-9FA9-D8E538D0EF94}.Win7 Debug|Win32.Deploy.0 = Debug|Win32
		{DADCBCAD-4429-422E-9FA9-D8E538D0EF94}.Win7 Debug|x64.ActiveCfg = Debug|Win32
		{DADCBCAD-4429-422E-9FA9-D8E538D0EF94}.Win7 Release|Win32.ActiveCfg = Release|Win32
		{DADCBCAD-4429-422E-9FA9-D8E538D0EF94}.Win7 Release|Win32.Build.0 = Release|Win32
		{DADCBCAD-4429-422E-9FA9-D8E538D0EF94}.Win7 Release|Win32.Deploy.0 = Release|Win32
		{DADCBCAD-4429-422E-9FA9-D8E538D0EF94}.Win7 Release|x64.ActiveCfg = Release|Win32
		{DADCBCAD-4429-422E-9FA9-D8E538D0EF94}.Win8 Debug|Win32.ActiveCfg = Debug|Win32
		{DADCBCAD-4429-422E-9FA9-D8E538D0EF94}.Win8 Debug|Win32.Build.0 = Debug|Win32
		{DADCBCAD-4429-422E-9FA9-D8E538D0EF94}.Win8 Debug|Win32.Deploy.0 = Debug|Win32
		{DADCBCAD-4429-422E-9FA9-D8E538D0EF94}.Win8 Debug|x64.ActiveCfg = Debug|Win32
		{DADCBCAD-4429-422E-9FA9-D8E538D0EF94}.Win8 Release|Win32.ActiveCfg = Release|Win32
		{DADCBCAD-4429-422E-9FA9-D8E538D0EF94}.Win8 Release|Win32.Build.0 = Release|Win32
		{DADCBCAD-4429-422E-9FA9-D8E538D0EF94}.Win8 Release|Win32.Deploy.0 = Release|Win32
		{DADCBCAD-4429-422E-9FA9-D8E538D0EF94}.Win8 Release|x64.ActiveCfg = Release|Win32
		{DADCBCAD-4429-422E-9FA9-D8E538D0EF94}.Win8.1 Debug|Win32.ActiveCfg = Debug|Win32
		{DADCBCAD-4429-422E-9FA9-D8E538D0EF94}.Win8.1 Debug|Win32.Build.0 = Debug|Win32
		{DADCBCAD-4429-422E-9FA9-D8E538D0EF94}.Win8.1 Debug|Win32.Deploy.0 = Debug|Win32
		{DADCBCAD-4429-422E-9FA9-D8E538D0EF94}.Win8.1 Debug|x64.ActiveCfg = Debug|Win32
		{DADCBCAD-4429-422E-9FA9-D8E538D0EF94}.Win8.1 Release|Win32.ActiveCfg = Release|Win32
		{DADCBCAD-4429-422E-9FA9-D8E538D0EF94}.Win8.1 Release|Win32.Build.0 = Release|Win32
		{DADCBCAD-4429-422E-9FA9-D8E538D0EF94}.Win8.1 Release|Win32.Deploy.0 = Release|Win32
		{DADCBCAD-4429-422E-9FA9-D8E538D0EF94}.Win8.1 Release|x64.ActiveCfg = Release|Win32
		{6053D32F-0C6B-4A75-A5FD-D8143785ABB0}.Debug|Win32.ActiveCfg = Debug|Win32
		{6053D32F-0C6B-4A75-A5FD-D8143785ABB0}.Debug|Win32.Build.0 = Debug|Win32
		{6053D32F-0C6B-4A75-A5FD-D8143785ABB0}.Debug|Win32.Deploy.0 = Debug|Win32
		{6053D32F-0C6B-4A75-A5FD-D8143785ABB0}.Debug|x64.ActiveCfg = Debug|x64
		{6053D32F-0C6B-4A75-A5FD-D8143785ABB0}.Debug|x64.Build.0 = Debug|x64
		{6053D32F-0C6B-4A75-A5FD-D8143785ABB0}.Debug|x64.Deploy.0 = Debug|x64
		{6053D32F-0C6B-4A75-A5FD-D8143785ABB0}.Release|Win32.ActiveCfg = Release|Win32
		{6053D32F-0C6B-4A75-A5FD-D8143785ABB0}.Release|Win32.Build.0 = Release|Win32
		{6053D32F-0C6B-4A75-A5FD-D8143785ABB0}.Release|Win32.Deploy.0 = Release|Win32
		{6053D32F-0C6B-4A75-A5FD-D8143785ABB0}.Release|x64.ActiveCfg = Release|x64
		{6053D32F-0C6B-4A75-A5FD-D8143785ABB0}.Release|x64.Build.0 = Release|x64
		{6053D32F-0C6B-4A75-A5FD-D8143785ABB0}.Release|x64.Deploy.0 = Release|x64
		{6053D32F-0C6B-4A75-A5FD-D8143785ABB0}.Win7 Debug|Win32.ActiveCfg = Debug|Win32
		{6053D32F-0C6B-4A75-A5FD-D8143785ABB0}.Win7 Debug|Win32.Build.0 = Debug|Win32
		{6053D32F-0C6B-4A75-A5FD-D8143785ABB0}.Win7 Debug|Win32.Deploy.0 = Debug|Win32
		{6053D32F-0C6B-4A75-A5FD-D8143785ABB0}.Win7 Debug|x64.ActiveCfg = Debug|x64
		{6053D32F-0C6B-4A75-A5FD-D8143785ABB0}.Win7 Debug|x64.Build.0 = Debug|x64
		{6053D32F-0C6B-4A75-A5FD-D8143785ABB0}.Win7 Debug|x64.Deploy.0 = Debug|x64
		{6053D32F-0C6B-4A75-A5FD-D8143785ABB0}.Win7 Release|Win32.ActiveCfg = Release|Win32
		{6053D32F-0C6B-4A75-A5FD-D8143785ABB0}.Win7 Release|Win32.Build.0 = Release|Win32
		{6053D32F-0C6B-4A75-A5FD-D8143785ABB0}.Win7 Release|Win32.Deploy.0 = Release|Win32
		{6053D32F-0C6B-4A75-A5FD-D8143785ABB0}.Win7 Release|x64.ActiveCfg = Release|x64
		{6053D32F-0C6B-4A75-A5FD-D8143785ABB0}.Win7 Release|x64.Build.0 = Release|x64
		{6053D32F-0C6B-4A75-A5FD-D8143785ABB0}.Win7 Release|x64.Deploy.0 = Release|x64
		{6053D32F-0C6B-4A75-A5FD-D8143785ABB0}.Win8 Debug|Win32.ActiveCfg = Debug|Win32
		{6053D32F-0C6B-4A75-A5FD-D8143785ABB0}.Win8 Debug|Win32.Build.0 = Debug|Win32
		{6053D32F-0C6B-4A75-A5FD-D8143785ABB0}.Win8 Debug|Win32.Deploy.0 = Debug|Win32
		{6053D32F-0C6B-4A75-A5FD-D8143785ABB0}.Win8 Debug|x64.ActiveCfg = Debug|x64
		{6053D32F-0C6B-4A75-A5FD-D8143785ABB0}.Win8 Debug|x64.Build.0 = Debug|x64
		{6053D32F-0C6B-4A75-A5FD-D8143785ABB0}.Win8 Debug|x64.Deploy.0 = Debug|x64
		{6053D32F-0C6B-4A75-A5FD-D8143785ABB0}.Win8 Release|Win32.ActiveCfg = Release|Win32
		{6053D32F-0C6B-4A75-A5FD-D8143785ABB0}.Win8 Release|Win32.Build.0 = Release|Win32
		{6053D32F-0C6B-4A75-A5FD-D8143785ABB0}.Win8 Release|Win32.Deploy.0 = Release|Win32
		{6053D32F-0C6B-4A75-A5FD-D8143785ABB0}.Win8 Release|x64.ActiveCfg = Release|x64
		{6053D32F-0C6B-4A75-A5FD-D8143785ABB0}.Win8 Release|x64.Build.0 = Release|x64
		{6053D32F-0C6B-4A75-A5FD-D8143785ABB0}.Win8 Release|x64.Deploy.0 = Release|x64
		{6053D32F-0C6B-4A75-A5FD-D8143785ABB0}.Win8.1 Debug|Win32.ActiveCfg = Debug|Win32
		{6053D32F-0C6B-4A75-A5FD-D8143785ABB0}.Win8.1 Debug|Win32.Build.0 = Debug|Win32
		{6053D32F-0C6B-4A75-A5FD-D8143785ABB0}.Win8.1 Debug|Win32.Deploy.0 = Debug|Win32
		{6053D32F-0C6B-4A75-A5FD-D8143785ABB0}.Win8.1 Debug|x64.ActiveCfg = Debug|x64
		{6053D32F-0C6B-4A75-A5FD-D8143785ABB0}.Win8.1 Debug|x64.Build.0 = Debug|x64
		{6053D32F-0C6B-4A75-A5FD-D8143785ABB0}.Win8.1 Debug|x64.Deploy.0 = Debug|x64
		{6053D32F-0C6B-4A75-A5FD-D8143785ABB0}.Win8.1 Release|Win32.ActiveCfg = Release|Win32
		{6053D32F-0C6B-4A75-A5FD-D8143785ABB0}.Win8.1 Release|Win32.Build.0 = Release|Win32
		{6053D32F-0C6B-4A75-A5FD-D8143785ABB0}.Win8.1 Release|Win32.Deploy.0 = Release|Win32
		{6053D32F-0C6B-4A75-A5FD-D8143785ABB0}.Win8.1 Release|x64.ActiveCfg = Release|x64
		{6053D32F-0C6B-4A75-A5FD-D8143785ABB0}.Win8.1 Release|x64.Build.0 = Release|x64
		{6053D32F-0C6B-4A75-A5FD-D8143785ABB0}.Win8.1 Release|x64.Deploy.0 = Release|x64
	EndGlobalSection
	GlobalSection(SolutionProperties) = preSolution
		HideSolutionNode = FALSE
	EndGlobalSection
EndGlobal
