
Microsoft Visual Studio Solution File, Format Version 12.00
# Visual Studio 2012
Project("{8BC9CEB8-8B4A-11D0-8D11-00A0C91BC942}") = "Common", "Common\Common.vcxproj", "{613953C0-7647-4EAA-8B9C-F5CC62ACC15A}"
EndProject
Project("{8BC9CEB8-8B4A-11D0-8D11-00A0C91BC942}") = "dokanx.sys", "dokanx.sys\sys.vcxproj", "{50F8BFEF-B524-46D8-9FE6-896D33FB3BA0}"
EndProject
Project("{8BC9CEB8-8B4A-11D0-8D11-00A0C91BC942}") = "dokanx.sys Package", "dokanx.sys Package\dokanx.sys Package.vcxproj", "{320305F7-74F2-4FF5-AF47-5831DA313E49}"
	ProjectSection(ProjectDependencies) = postProject
		{50F8BFEF-B524-46D8-9FE6-896D33FB3BA0} = {50F8BFEF-B524-46D8-9FE6-896D33FB3BA0}
	EndProjectSection
EndProject
Project("{8BC9CEB8-8B4A-11D0-8D11-00A0C91BC942}") = "dokanx", "dokanx\dokanx.vcxproj", "{E61D40CB-6CEC-4F79-A871-F0D5ECABAD94}"
	ProjectSection(ProjectDependencies) = postProject
		{613953C0-7647-4EAA-8B9C-F5CC62ACC15A} = {613953C0-7647-4EAA-8B9C-F5CC62ACC15A}
	EndProjectSection
EndProject
Project("{8BC9CEB8-8B4A-11D0-8D11-00A0C91BC942}") = "dokanx_control", "dokanx_control\dokanx_control.vcxproj", "{ACA32EDC-110E-4BD2-BF90-3DCF4D89E5AF}"
	ProjectSection(ProjectDependencies) = postProject
		{613953C0-7647-4EAA-8B9C-F5CC62ACC15A} = {613953C0-7647-4EAA-8B9C-F5CC62ACC15A}
		{E61D40CB-6CEC-4F79-A871-F0D5ECABAD94} = {E61D40CB-6CEC-4F79-A871-F0D5ECABAD94}
	EndProjectSection
EndProject
Project("{8BC9CEB8-8B4A-11D0-8D11-00A0C91BC942}") = "dokanx_mount", "dokanx_mount\dokanx_mount.vcxproj", "{C8AD223A-05FD-4872-95B2-2E86F9F482FD}"
	ProjectSection(ProjectDependencies) = postProject
		{613953C0-7647-4EAA-8B9C-F5CC62ACC15A} = {613953C0-7647-4EAA-8B9C-F5CC62ACC15A}
	EndProjectSection
EndProject
Global
	GlobalSection(SolutionConfigurationPlatforms) = preSolution
		Debug|Mixed Platforms = Debug|Mixed Platforms
		Debug|Win32 = Debug|Win32
		Debug|x64 = Debug|x64
		Release|Mixed Platforms = Release|Mixed Platforms
		Release|Win32 = Release|Win32
		Release|x64 = Release|x64
		VistaDebug|Mixed Platforms = VistaDebug|Mixed Platforms
		VistaDebug|Win32 = VistaDebug|Win32
		VistaDebug|x64 = VistaDebug|x64
		VistaRelease|Mixed Platforms = VistaRelease|Mixed Platforms
		VistaRelease|Win32 = VistaRelease|Win32
		VistaRelease|x64 = VistaRelease|x64
		Win7Debug|Mixed Platforms = Win7Debug|Mixed Platforms
		Win7Debug|Win32 = Win7Debug|Win32
		Win7Debug|x64 = Win7Debug|x64
		Win7Release|Mixed Platforms = Win7Release|Mixed Platforms
		Win7Release|Win32 = Win7Release|Win32
		Win7Release|x64 = Win7Release|x64
		Win8Debug|Mixed Platforms = Win8Debug|Mixed Platforms
		Win8Debug|Win32 = Win8Debug|Win32
		Win8Debug|x64 = Win8Debug|x64
		Win8Release|Mixed Platforms = Win8Release|Mixed Platforms
		Win8Release|Win32 = Win8Release|Win32
		Win8Release|x64 = Win8Release|x64
	EndGlobalSection
	GlobalSection(ProjectConfigurationPlatforms) = postSolution
		{613953C0-7647-4EAA-8B9C-F5CC62ACC15A}.Debug|Mixed Platforms.ActiveCfg = Debug|Win32
		{613953C0-7647-4EAA-8B9C-F5CC62ACC15A}.Debug|Mixed Platforms.Build.0 = Debug|Win32
		{613953C0-7647-4EAA-8B9C-F5CC62ACC15A}.Debug|Mixed Platforms.Deploy.0 = Debug|Win32
		{613953C0-7647-4EAA-8B9C-F5CC62ACC15A}.Debug|Win32.ActiveCfg = Debug|Win32
		{613953C0-7647-4EAA-8B9C-F5CC62ACC15A}.Debug|Win32.Build.0 = Debug|Win32
		{613953C0-7647-4EAA-8B9C-F5CC62ACC15A}.Debug|Win32.Deploy.0 = Debug|Win32
		{613953C0-7647-4EAA-8B9C-F5CC62ACC15A}.Debug|x64.ActiveCfg = Debug|x64
		{613953C0-7647-4EAA-8B9C-F5CC62ACC15A}.Debug|x64.Build.0 = Debug|x64
		{613953C0-7647-4EAA-8B9C-F5CC62ACC15A}.Debug|x64.Deploy.0 = Debug|x64
		{613953C0-7647-4EAA-8B9C-F5CC62ACC15A}.Release|Mixed Platforms.ActiveCfg = Release|Win32
		{613953C0-7647-4EAA-8B9C-F5CC62ACC15A}.Release|Mixed Platforms.Build.0 = Release|Win32
		{613953C0-7647-4EAA-8B9C-F5CC62ACC15A}.Release|Mixed Platforms.Deploy.0 = Release|Win32
		{613953C0-7647-4EAA-8B9C-F5CC62ACC15A}.Release|Win32.ActiveCfg = Release|Win32
		{613953C0-7647-4EAA-8B9C-F5CC62ACC15A}.Release|Win32.Build.0 = Release|Win32
		{613953C0-7647-4EAA-8B9C-F5CC62ACC15A}.Release|Win32.Deploy.0 = Release|Win32
		{613953C0-7647-4EAA-8B9C-F5CC62ACC15A}.Release|x64.ActiveCfg = Release|x64
		{613953C0-7647-4EAA-8B9C-F5CC62ACC15A}.Release|x64.Build.0 = Release|x64
		{613953C0-7647-4EAA-8B9C-F5CC62ACC15A}.Release|x64.Deploy.0 = Release|x64
		{613953C0-7647-4EAA-8B9C-F5CC62ACC15A}.VistaDebug|Mixed Platforms.ActiveCfg = Debug|Win32
		{613953C0-7647-4EAA-8B9C-F5CC62ACC15A}.VistaDebug|Mixed Platforms.Build.0 = Debug|Win32
		{613953C0-7647-4EAA-8B9C-F5CC62ACC15A}.VistaDebug|Mixed Platforms.Deploy.0 = Debug|Win32
		{613953C0-7647-4EAA-8B9C-F5CC62ACC15A}.VistaDebug|Win32.ActiveCfg = Debug|Win32
		{613953C0-7647-4EAA-8B9C-F5CC62ACC15A}.VistaDebug|Win32.Build.0 = Debug|Win32
		{613953C0-7647-4EAA-8B9C-F5CC62ACC15A}.VistaDebug|Win32.Deploy.0 = Debug|Win32
		{613953C0-7647-4EAA-8B9C-F5CC62ACC15A}.VistaDebug|x64.ActiveCfg = Debug|x64
		{613953C0-7647-4EAA-8B9C-F5CC62ACC15A}.VistaDebug|x64.Build.0 = Debug|x64
		{613953C0-7647-4EAA-8B9C-F5CC62ACC15A}.VistaDebug|x64.Deploy.0 = Debug|x64
		{613953C0-7647-4EAA-8B9C-F5CC62ACC15A}.VistaRelease|Mixed Platforms.ActiveCfg = Release|Win32
		{613953C0-7647-4EAA-8B9C-F5CC62ACC15A}.VistaRelease|Mixed Platforms.Build.0 = Release|Win32
		{613953C0-7647-4EAA-8B9C-F5CC62ACC15A}.VistaRelease|Mixed Platforms.Deploy.0 = Release|Win32
		{613953C0-7647-4EAA-8B9C-F5CC62ACC15A}.VistaRelease|Win32.ActiveCfg = Release|Win32
		{613953C0-7647-4EAA-8B9C-F5CC62ACC15A}.VistaRelease|Win32.Build.0 = Release|Win32
		{613953C0-7647-4EAA-8B9C-F5CC62ACC15A}.VistaRelease|Win32.Deploy.0 = Release|Win32
		{613953C0-7647-4EAA-8B9C-F5CC62ACC15A}.VistaRelease|x64.ActiveCfg = Release|x64
		{613953C0-7647-4EAA-8B9C-F5CC62ACC15A}.VistaRelease|x64.Build.0 = Release|x64
		{613953C0-7647-4EAA-8B9C-F5CC62ACC15A}.VistaRelease|x64.Deploy.0 = Release|x64
		{613953C0-7647-4EAA-8B9C-F5CC62ACC15A}.Win7Debug|Mixed Platforms.ActiveCfg = Debug|Win32
		{613953C0-7647-4EAA-8B9C-F5CC62ACC15A}.Win7Debug|Mixed Platforms.Build.0 = Debug|Win32
		{613953C0-7647-4EAA-8B9C-F5CC62ACC15A}.Win7Debug|Mixed Platforms.Deploy.0 = Debug|Win32
		{613953C0-7647-4EAA-8B9C-F5CC62ACC15A}.Win7Debug|Win32.ActiveCfg = Debug|Win32
		{613953C0-7647-4EAA-8B9C-F5CC62ACC15A}.Win7Debug|Win32.Build.0 = Debug|Win32
		{613953C0-7647-4EAA-8B9C-F5CC62ACC15A}.Win7Debug|Win32.Deploy.0 = Debug|Win32
		{613953C0-7647-4EAA-8B9C-F5CC62ACC15A}.Win7Debug|x64.ActiveCfg = Debug|x64
		{613953C0-7647-4EAA-8B9C-F5CC62ACC15A}.Win7Debug|x64.Build.0 = Debug|x64
		{613953C0-7647-4EAA-8B9C-F5CC62ACC15A}.Win7Debug|x64.Deploy.0 = Debug|x64
		{613953C0-7647-4EAA-8B9C-F5CC62ACC15A}.Win7Release|Mixed Platforms.ActiveCfg = Release|Win32
		{613953C0-7647-4EAA-8B9C-F5CC62ACC15A}.Win7Release|Mixed Platforms.Build.0 = Release|Win32
		{613953C0-7647-4EAA-8B9C-F5CC62ACC15A}.Win7Release|Mixed Platforms.Deploy.0 = Release|Win32
		{613953C0-7647-4EAA-8B9C-F5CC62ACC15A}.Win7Release|Win32.ActiveCfg = Release|Win32
		{613953C0-7647-4EAA-8B9C-F5CC62ACC15A}.Win7Release|Win32.Build.0 = Release|Win32
		{613953C0-7647-4EAA-8B9C-F5CC62ACC15A}.Win7Release|Win32.Deploy.0 = Release|Win32
		{613953C0-7647-4EAA-8B9C-F5CC62ACC15A}.Win7Release|x64.ActiveCfg = Release|x64
		{613953C0-7647-4EAA-8B9C-F5CC62ACC15A}.Win7Release|x64.Build.0 = Release|x64
		{613953C0-7647-4EAA-8B9C-F5CC62ACC15A}.Win7Release|x64.Deploy.0 = Release|x64
		{613953C0-7647-4EAA-8B9C-F5CC62ACC15A}.Win8Debug|Mixed Platforms.ActiveCfg = Debug|Win32
		{613953C0-7647-4EAA-8B9C-F5CC62ACC15A}.Win8Debug|Mixed Platforms.Build.0 = Debug|Win32
		{613953C0-7647-4EAA-8B9C-F5CC62ACC15A}.Win8Debug|Mixed Platforms.Deploy.0 = Debug|Win32
		{613953C0-7647-4EAA-8B9C-F5CC62ACC15A}.Win8Debug|Win32.ActiveCfg = Debug|Win32
		{613953C0-7647-4EAA-8B9C-F5CC62ACC15A}.Win8Debug|Win32.Build.0 = Debug|Win32
		{613953C0-7647-4EAA-8B9C-F5CC62ACC15A}.Win8Debug|Win32.Deploy.0 = Debug|Win32
		{613953C0-7647-4EAA-8B9C-F5CC62ACC15A}.Win8Debug|x64.ActiveCfg = Debug|x64
		{613953C0-7647-4EAA-8B9C-F5CC62ACC15A}.Win8Debug|x64.Build.0 = Debug|x64
		{613953C0-7647-4EAA-8B9C-F5CC62ACC15A}.Win8Debug|x64.Deploy.0 = Debug|x64
		{613953C0-7647-4EAA-8B9C-F5CC62ACC15A}.Win8Release|Mixed Platforms.ActiveCfg = Release|Win32
		{613953C0-7647-4EAA-8B9C-F5CC62ACC15A}.Win8Release|Mixed Platforms.Build.0 = Release|Win32
		{613953C0-7647-4EAA-8B9C-F5CC62ACC15A}.Win8Release|Mixed Platforms.Deploy.0 = Release|Win32
		{613953C0-7647-4EAA-8B9C-F5CC62ACC15A}.Win8Release|Win32.ActiveCfg = Release|Win32
		{613953C0-7647-4EAA-8B9C-F5CC62ACC15A}.Win8Release|Win32.Build.0 = Release|Win32
		{613953C0-7647-4EAA-8B9C-F5CC62ACC15A}.Win8Release|Win32.Deploy.0 = Release|Win32
		{613953C0-7647-4EAA-8B9C-F5CC62ACC15A}.Win8Release|x64.ActiveCfg = Release|x64
		{613953C0-7647-4EAA-8B9C-F5CC62ACC15A}.Win8Release|x64.Build.0 = Release|x64
		{613953C0-7647-4EAA-8B9C-F5CC62ACC15A}.Win8Release|x64.Deploy.0 = Release|x64
		{50F8BFEF-B524-46D8-9FE6-896D33FB3BA0}.Debug|Mixed Platforms.ActiveCfg = Win8Debug|Win32
		{50F8BFEF-B524-46D8-9FE6-896D33FB3BA0}.Debug|Mixed Platforms.Build.0 = Win8Debug|Win32
		{50F8BFEF-B524-46D8-9FE6-896D33FB3BA0}.Debug|Mixed Platforms.Deploy.0 = Win8Debug|Win32
		{50F8BFEF-B524-46D8-9FE6-896D33FB3BA0}.Debug|Win32.ActiveCfg = Win8Debug|Win32
		{50F8BFEF-B524-46D8-9FE6-896D33FB3BA0}.Debug|Win32.Build.0 = Win8Debug|Win32
		{50F8BFEF-B524-46D8-9FE6-896D33FB3BA0}.Debug|Win32.Deploy.0 = Win8Debug|Win32
		{50F8BFEF-B524-46D8-9FE6-896D33FB3BA0}.Debug|x64.ActiveCfg = Win7Debug|x64
		{50F8BFEF-B524-46D8-9FE6-896D33FB3BA0}.Debug|x64.Build.0 = Win7Debug|x64
		{50F8BFEF-B524-46D8-9FE6-896D33FB3BA0}.Release|Mixed Platforms.ActiveCfg = Win8Release|Win32
		{50F8BFEF-B524-46D8-9FE6-896D33FB3BA0}.Release|Mixed Platforms.Build.0 = Win8Release|Win32
		{50F8BFEF-B524-46D8-9FE6-896D33FB3BA0}.Release|Mixed Platforms.Deploy.0 = Win8Release|Win32
		{50F8BFEF-B524-46D8-9FE6-896D33FB3BA0}.Release|Win32.ActiveCfg = Win8Release|Win32
		{50F8BFEF-B524-46D8-9FE6-896D33FB3BA0}.Release|Win32.Build.0 = Win8Release|Win32
		{50F8BFEF-B524-46D8-9FE6-896D33FB3BA0}.Release|Win32.Deploy.0 = Win8Release|Win32
		{50F8BFEF-B524-46D8-9FE6-896D33FB3BA0}.Release|x64.ActiveCfg = Win8Release|x64
		{50F8BFEF-B524-46D8-9FE6-896D33FB3BA0}.Release|x64.Build.0 = Win8Release|x64
		{50F8BFEF-B524-46D8-9FE6-896D33FB3BA0}.VistaDebug|Mixed Platforms.ActiveCfg = VistaDebug|Win32
		{50F8BFEF-B524-46D8-9FE6-896D33FB3BA0}.VistaDebug|Mixed Platforms.Build.0 = VistaDebug|Win32
		{50F8BFEF-B524-46D8-9FE6-896D33FB3BA0}.VistaDebug|Mixed Platforms.Deploy.0 = VistaDebug|Win32
		{50F8BFEF-B524-46D8-9FE6-896D33FB3BA0}.VistaDebug|Win32.ActiveCfg = VistaDebug|Win32
		{50F8BFEF-B524-46D8-9FE6-896D33FB3BA0}.VistaDebug|Win32.Build.0 = VistaDebug|Win32
		{50F8BFEF-B524-46D8-9FE6-896D33FB3BA0}.VistaDebug|Win32.Deploy.0 = VistaDebug|Win32
		{50F8BFEF-B524-46D8-9FE6-896D33FB3BA0}.VistaDebug|x64.ActiveCfg = VistaDebug|x64
		{50F8BFEF-B524-46D8-9FE6-896D33FB3BA0}.VistaDebug|x64.Build.0 = VistaDebug|x64
		{50F8BFEF-B524-46D8-9FE6-896D33FB3BA0}.VistaRelease|Mixed Platforms.ActiveCfg = VistaRelease|Win32
		{50F8BFEF-B524-46D8-9FE6-896D33FB3BA0}.VistaRelease|Mixed Platforms.Build.0 = VistaRelease|Win32
		{50F8BFEF-B524-46D8-9FE6-896D33FB3BA0}.VistaRelease|Mixed Platforms.Deploy.0 = VistaRelease|Win32
		{50F8BFEF-B524-46D8-9FE6-896D33FB3BA0}.VistaRelease|Win32.ActiveCfg = VistaRelease|Win32
		{50F8BFEF-B524-46D8-9FE6-896D33FB3BA0}.VistaRelease|Win32.Build.0 = VistaRelease|Win32
		{50F8BFEF-B524-46D8-9FE6-896D33FB3BA0}.VistaRelease|Win32.Deploy.0 = VistaRelease|Win32
		{50F8BFEF-B524-46D8-9FE6-896D33FB3BA0}.VistaRelease|x64.ActiveCfg = VistaRelease|x64
		{50F8BFEF-B524-46D8-9FE6-896D33FB3BA0}.VistaRelease|x64.Build.0 = VistaRelease|x64
		{50F8BFEF-B524-46D8-9FE6-896D33FB3BA0}.Win7Debug|Mixed Platforms.ActiveCfg = Win7Debug|Win32
		{50F8BFEF-B524-46D8-9FE6-896D33FB3BA0}.Win7Debug|Mixed Platforms.Build.0 = Win7Debug|Win32
		{50F8BFEF-B524-46D8-9FE6-896D33FB3BA0}.Win7Debug|Mixed Platforms.Deploy.0 = Win7Debug|Win32
		{50F8BFEF-B524-46D8-9FE6-896D33FB3BA0}.Win7Debug|Win32.ActiveCfg = Win7Release|Win32
		{50F8BFEF-B524-46D8-9FE6-896D33FB3BA0}.Win7Debug|Win32.Build.0 = Win7Release|Win32
		{50F8BFEF-B524-46D8-9FE6-896D33FB3BA0}.Win7Debug|Win32.Deploy.0 = Win7Release|Win32
		{50F8BFEF-B524-46D8-9FE6-896D33FB3BA0}.Win7Debug|x64.ActiveCfg = Win7Debug|x64
		{50F8BFEF-B524-46D8-9FE6-896D33FB3BA0}.Win7Debug|x64.Build.0 = Win7Debug|x64
		{50F8BFEF-B524-46D8-9FE6-896D33FB3BA0}.Win7Release|Mixed Platforms.ActiveCfg = Win7Release|Win32
		{50F8BFEF-B524-46D8-9FE6-896D33FB3BA0}.Win7Release|Mixed Platforms.Build.0 = Win7Release|Win32
		{50F8BFEF-B524-46D8-9FE6-896D33FB3BA0}.Win7Release|Mixed Platforms.Deploy.0 = Win7Release|Win32
		{50F8BFEF-B524-46D8-9FE6-896D33FB3BA0}.Win7Release|Win32.ActiveCfg = Win7Release|Win32
		{50F8BFEF-B524-46D8-9FE6-896D33FB3BA0}.Win7Release|Win32.Build.0 = Win7Release|Win32
		{50F8BFEF-B524-46D8-9FE6-896D33FB3BA0}.Win7Release|Win32.Deploy.0 = Win7Release|Win32
		{50F8BFEF-B524-46D8-9FE6-896D33FB3BA0}.Win7Release|x64.ActiveCfg = Win7Release|x64
		{50F8BFEF-B524-46D8-9FE6-896D33FB3BA0}.Win7Release|x64.Build.0 = Win7Release|x64
		{50F8BFEF-B524-46D8-9FE6-896D33FB3BA0}.Win8Debug|Mixed Platforms.ActiveCfg = Win8Debug|Win32
		{50F8BFEF-B524-46D8-9FE6-896D33FB3BA0}.Win8Debug|Mixed Platforms.Build.0 = Win8Debug|Win32
		{50F8BFEF-B524-46D8-9FE6-896D33FB3BA0}.Win8Debug|Mixed Platforms.Deploy.0 = Win8Debug|Win32
		{50F8BFEF-B524-46D8-9FE6-896D33FB3BA0}.Win8Debug|Win32.ActiveCfg = Win8Debug|Win32
		{50F8BFEF-B524-46D8-9FE6-896D33FB3BA0}.Win8Debug|Win32.Build.0 = Win8Debug|Win32
		{50F8BFEF-B524-46D8-9FE6-896D33FB3BA0}.Win8Debug|Win32.Deploy.0 = Win8Debug|Win32
		{50F8BFEF-B524-46D8-9FE6-896D33FB3BA0}.Win8Debug|x64.ActiveCfg = Win8Debug|x64
		{50F8BFEF-B524-46D8-9FE6-896D33FB3BA0}.Win8Debug|x64.Build.0 = Win8Debug|x64
		{50F8BFEF-B524-46D8-9FE6-896D33FB3BA0}.Win8Release|Mixed Platforms.ActiveCfg = Win8Release|Win32
		{50F8BFEF-B524-46D8-9FE6-896D33FB3BA0}.Win8Release|Mixed Platforms.Build.0 = Win8Release|Win32
		{50F8BFEF-B524-46D8-9FE6-896D33FB3BA0}.Win8Release|Mixed Platforms.Deploy.0 = Win8Release|Win32
		{50F8BFEF-B524-46D8-9FE6-896D33FB3BA0}.Win8Release|Win32.ActiveCfg = Win8Release|Win32
		{50F8BFEF-B524-46D8-9FE6-896D33FB3BA0}.Win8Release|Win32.Build.0 = Win8Release|Win32
		{50F8BFEF-B524-46D8-9FE6-896D33FB3BA0}.Win8Release|Win32.Deploy.0 = Win8Release|Win32
		{50F8BFEF-B524-46D8-9FE6-896D33FB3BA0}.Win8Release|x64.ActiveCfg = Win8Release|x64
		{50F8BFEF-B524-46D8-9FE6-896D33FB3BA0}.Win8Release|x64.Build.0 = Win8Release|x64
		{320305F7-74F2-4FF5-AF47-5831DA313E49}.Debug|Mixed Platforms.ActiveCfg = Win8Debug|Win32
		{320305F7-74F2-4FF5-AF47-5831DA313E49}.Debug|Mixed Platforms.Build.0 = Win8Debug|Win32
		{320305F7-74F2-4FF5-AF47-5831DA313E49}.Debug|Mixed Platforms.Deploy.0 = Win8Debug|Win32
		{320305F7-74F2-4FF5-AF47-5831DA313E49}.Debug|Win32.ActiveCfg = Win8Debug|Win32
		{320305F7-74F2-4FF5-AF47-5831DA313E49}.Debug|Win32.Build.0 = Win8Debug|Win32
		{320305F7-74F2-4FF5-AF47-5831DA313E49}.Debug|Win32.Deploy.0 = Win8Debug|Win32
		{320305F7-74F2-4FF5-AF47-5831DA313E49}.Debug|x64.ActiveCfg = Win7Debug|x64
		{320305F7-74F2-4FF5-AF47-5831DA313E49}.Debug|x64.Build.0 = Win7Debug|x64
		{320305F7-74F2-4FF5-AF47-5831DA313E49}.Release|Mixed Platforms.ActiveCfg = Win8Release|Win32
		{320305F7-74F2-4FF5-AF47-5831DA313E49}.Release|Mixed Platforms.Build.0 = Win8Release|Win32
		{320305F7-74F2-4FF5-AF47-5831DA313E49}.Release|Mixed Platforms.Deploy.0 = Win8Release|Win32
		{320305F7-74F2-4FF5-AF47-5831DA313E49}.Release|Win32.ActiveCfg = Win8Release|Win32
		{320305F7-74F2-4FF5-AF47-5831DA313E49}.Release|Win32.Build.0 = Win8Release|Win32
		{320305F7-74F2-4FF5-AF47-5831DA313E49}.Release|Win32.Deploy.0 = Win8Release|Win32
		{320305F7-74F2-4FF5-AF47-5831DA313E49}.Release|x64.ActiveCfg = Win8Release|x64
		{320305F7-74F2-4FF5-AF47-5831DA313E49}.Release|x64.Build.0 = Win8Release|x64
		{320305F7-74F2-4FF5-AF47-5831DA313E49}.VistaDebug|Mixed Platforms.ActiveCfg = VistaDebug|Win32
		{320305F7-74F2-4FF5-AF47-5831DA313E49}.VistaDebug|Mixed Platforms.Build.0 = VistaDebug|Win32
		{320305F7-74F2-4FF5-AF47-5831DA313E49}.VistaDebug|Mixed Platforms.Deploy.0 = VistaDebug|Win32
		{320305F7-74F2-4FF5-AF47-5831DA313E49}.VistaDebug|Win32.ActiveCfg = VistaDebug|Win32
		{320305F7-74F2-4FF5-AF47-5831DA313E49}.VistaDebug|Win32.Build.0 = VistaDebug|Win32
		{320305F7-74F2-4FF5-AF47-5831DA313E49}.VistaDebug|Win32.Deploy.0 = VistaDebug|Win32
		{320305F7-74F2-4FF5-AF47-5831DA313E49}.VistaDebug|x64.ActiveCfg = VistaDebug|x64
		{320305F7-74F2-4FF5-AF47-5831DA313E49}.VistaDebug|x64.Build.0 = VistaDebug|x64
		{320305F7-74F2-4FF5-AF47-5831DA313E49}.VistaRelease|Mixed Platforms.ActiveCfg = VistaRelease|Win32
		{320305F7-74F2-4FF5-AF47-5831DA313E49}.VistaRelease|Mixed Platforms.Build.0 = VistaRelease|Win32
		{320305F7-74F2-4FF5-AF47-5831DA313E49}.VistaRelease|Mixed Platforms.Deploy.0 = VistaRelease|Win32
		{320305F7-74F2-4FF5-AF47-5831DA313E49}.VistaRelease|Win32.ActiveCfg = VistaRelease|Win32
		{320305F7-74F2-4FF5-AF47-5831DA313E49}.VistaRelease|Win32.Build.0 = VistaRelease|Win32
		{320305F7-74F2-4FF5-AF47-5831DA313E49}.VistaRelease|Win32.Deploy.0 = VistaRelease|Win32
		{320305F7-74F2-4FF5-AF47-5831DA313E49}.VistaRelease|x64.ActiveCfg = VistaRelease|x64
		{320305F7-74F2-4FF5-AF47-5831DA313E49}.VistaRelease|x64.Build.0 = VistaRelease|x64
		{320305F7-74F2-4FF5-AF47-5831DA313E49}.Win7Debug|Mixed Platforms.ActiveCfg = Win7Debug|Win32
		{320305F7-74F2-4FF5-AF47-5831DA313E49}.Win7Debug|Mixed Platforms.Build.0 = Win7Debug|Win32
		{320305F7-74F2-4FF5-AF47-5831DA313E49}.Win7Debug|Mixed Platforms.Deploy.0 = Win7Debug|Win32
		{320305F7-74F2-4FF5-AF47-5831DA313E49}.Win7Debug|Win32.ActiveCfg = Win7Release|Win32
		{320305F7-74F2-4FF5-AF47-5831DA313E49}.Win7Debug|Win32.Build.0 = Win7Release|Win32
		{320305F7-74F2-4FF5-AF47-5831DA313E49}.Win7Debug|Win32.Deploy.0 = Win7Release|Win32
		{320305F7-74F2-4FF5-AF47-5831DA313E49}.Win7Debug|x64.ActiveCfg = Win7Debug|x64
		{320305F7-74F2-4FF5-AF47-5831DA313E49}.Win7Debug|x64.Build.0 = Win7Debug|x64
		{320305F7-74F2-4FF5-AF47-5831DA313E49}.Win7Release|Mixed Platforms.ActiveCfg = Win7Release|Win32
		{320305F7-74F2-4FF5-AF47-5831DA313E49}.Win7Release|Mixed Platforms.Build.0 = Win7Release|Win32
		{320305F7-74F2-4FF5-AF47-5831DA313E49}.Win7Release|Mixed Platforms.Deploy.0 = Win7Release|Win32
		{320305F7-74F2-4FF5-AF47-5831DA313E49}.Win7Release|Win32.ActiveCfg = Win7Release|Win32
		{320305F7-74F2-4FF5-AF47-5831DA313E49}.Win7Release|Win32.Build.0 = Win7Release|Win32
		{320305F7-74F2-4FF5-AF47-5831DA313E49}.Win7Release|Win32.Deploy.0 = Win7Release|Win32
		{320305F7-74F2-4FF5-AF47-5831DA313E49}.Win7Release|x64.ActiveCfg = Win7Release|x64
		{320305F7-74F2-4FF5-AF47-5831DA313E49}.Win7Release|x64.Build.0 = Win7Release|x64
		{320305F7-74F2-4FF5-AF47-5831DA313E49}.Win8Debug|Mixed Platforms.ActiveCfg = Win8Debug|Win32
		{320305F7-74F2-4FF5-AF47-5831DA313E49}.Win8Debug|Mixed Platforms.Build.0 = Win8Debug|Win32
		{320305F7-74F2-4FF5-AF47-5831DA313E49}.Win8Debug|Mixed Platforms.Deploy.0 = Win8Debug|Win32
		{320305F7-74F2-4FF5-AF47-5831DA313E49}.Win8Debug|Win32.ActiveCfg = Win8Debug|Win32
		{320305F7-74F2-4FF5-AF47-5831DA313E49}.Win8Debug|Win32.Build.0 = Win8Debug|Win32
		{320305F7-74F2-4FF5-AF47-5831DA313E49}.Win8Debug|Win32.Deploy.0 = Win8Debug|Win32
		{320305F7-74F2-4FF5-AF47-5831DA313E49}.Win8Debug|x64.ActiveCfg = Win8Debug|x64
		{320305F7-74F2-4FF5-AF47-5831DA313E49}.Win8Debug|x64.Build.0 = Win8Debug|x64
		{320305F7-74F2-4FF5-AF47-5831DA313E49}.Win8Release|Mixed Platforms.ActiveCfg = Win8Release|Win32
		{320305F7-74F2-4FF5-AF47-5831DA313E49}.Win8Release|Mixed Platforms.Build.0 = Win8Release|Win32
		{320305F7-74F2-4FF5-AF47-5831DA313E49}.Win8Release|Mixed Platforms.Deploy.0 = Win8Release|Win32
		{320305F7-74F2-4FF5-AF47-5831DA313E49}.Win8Release|Win32.ActiveCfg = Win8Release|Win32
		{320305F7-74F2-4FF5-AF47-5831DA313E49}.Win8Release|Win32.Build.0 = Win8Release|Win32
		{320305F7-74F2-4FF5-AF47-5831DA313E49}.Win8Release|Win32.Deploy.0 = Win8Release|Win32
		{320305F7-74F2-4FF5-AF47-5831DA313E49}.Win8Release|x64.ActiveCfg = Win8Release|x64
		{320305F7-74F2-4FF5-AF47-5831DA313E49}.Win8Release|x64.Build.0 = Win8Release|x64
		{E61D40CB-6CEC-4F79-A871-F0D5ECABAD94}.Debug|Mixed Platforms.ActiveCfg = Debug|Win32
		{E61D40CB-6CEC-4F79-A871-F0D5ECABAD94}.Debug|Mixed Platforms.Build.0 = Debug|Win32
		{E61D40CB-6CEC-4F79-A871-F0D5ECABAD94}.Debug|Mixed Platforms.Deploy.0 = Debug|Win32
		{E61D40CB-6CEC-4F79-A871-F0D5ECABAD94}.Debug|Win32.ActiveCfg = Debug|Win32
		{E61D40CB-6CEC-4F79-A871-F0D5ECABAD94}.Debug|Win32.Build.0 = Debug|Win32
		{E61D40CB-6CEC-4F79-A871-F0D5ECABAD94}.Debug|Win32.Deploy.0 = Debug|Win32
		{E61D40CB-6CEC-4F79-A871-F0D5ECABAD94}.Debug|x64.ActiveCfg = Debug|x64
		{E61D40CB-6CEC-4F79-A871-F0D5ECABAD94}.Debug|x64.Build.0 = Debug|x64
		{E61D40CB-6CEC-4F79-A871-F0D5ECABAD94}.Debug|x64.Deploy.0 = Debug|x64
		{E61D40CB-6CEC-4F79-A871-F0D5ECABAD94}.Release|Mixed Platforms.ActiveCfg = Release|Win32
		{E61D40CB-6CEC-4F79-A871-F0D5ECABAD94}.Release|Mixed Platforms.Build.0 = Release|Win32
		{E61D40CB-6CEC-4F79-A871-F0D5ECABAD94}.Release|Mixed Platforms.Deploy.0 = Release|Win32
		{E61D40CB-6CEC-4F79-A871-F0D5ECABAD94}.Release|Win32.ActiveCfg = Release|Win32
		{E61D40CB-6CEC-4F79-A871-F0D5ECABAD94}.Release|Win32.Build.0 = Release|Win32
		{E61D40CB-6CEC-4F79-A871-F0D5ECABAD94}.Release|Win32.Deploy.0 = Release|Win32
		{E61D40CB-6CEC-4F79-A871-F0D5ECABAD94}.Release|x64.ActiveCfg = Release|x64
		{E61D40CB-6CEC-4F79-A871-F0D5ECABAD94}.Release|x64.Build.0 = Release|x64
		{E61D40CB-6CEC-4F79-A871-F0D5ECABAD94}.Release|x64.Deploy.0 = Release|x64
		{E61D40CB-6CEC-4F79-A871-F0D5ECABAD94}.VistaDebug|Mixed Platforms.ActiveCfg = Debug|Win32
		{E61D40CB-6CEC-4F79-A871-F0D5ECABAD94}.VistaDebug|Mixed Platforms.Build.0 = Debug|Win32
		{E61D40CB-6CEC-4F79-A871-F0D5ECABAD94}.VistaDebug|Mixed Platforms.Deploy.0 = Debug|Win32
		{E61D40CB-6CEC-4F79-A871-F0D5ECABAD94}.VistaDebug|Win32.ActiveCfg = Debug|Win32
		{E61D40CB-6CEC-4F79-A871-F0D5ECABAD94}.VistaDebug|Win32.Build.0 = Debug|Win32
		{E61D40CB-6CEC-4F79-A871-F0D5ECABAD94}.VistaDebug|Win32.Deploy.0 = Debug|Win32
		{E61D40CB-6CEC-4F79-A871-F0D5ECABAD94}.VistaDebug|x64.ActiveCfg = Debug|x64
		{E61D40CB-6CEC-4F79-A871-F0D5ECABAD94}.VistaDebug|x64.Build.0 = Debug|x64
		{E61D40CB-6CEC-4F79-A871-F0D5ECABAD94}.VistaDebug|x64.Deploy.0 = Debug|x64
		{E61D40CB-6CEC-4F79-A871-F0D5ECABAD94}.VistaRelease|Mixed Platforms.ActiveCfg = Release|Win32
		{E61D40CB-6CEC-4F79-A871-F0D5ECABAD94}.VistaRelease|Mixed Platforms.Build.0 = Release|Win32
		{E61D40CB-6CEC-4F79-A871-F0D5ECABAD94}.VistaRelease|Mixed Platforms.Deploy.0 = Release|Win32
		{E61D40CB-6CEC-4F79-A871-F0D5ECABAD94}.VistaRelease|Win32.ActiveCfg = Release|Win32
		{E61D40CB-6CEC-4F79-A871-F0D5ECABAD94}.VistaRelease|Win32.Build.0 = Release|Win32
		{E61D40CB-6CEC-4F79-A871-F0D5ECABAD94}.VistaRelease|Win32.Deploy.0 = Release|Win32
		{E61D40CB-6CEC-4F79-A871-F0D5ECABAD94}.VistaRelease|x64.ActiveCfg = Release|x64
		{E61D40CB-6CEC-4F79-A871-F0D5ECABAD94}.VistaRelease|x64.Build.0 = Release|x64
		{E61D40CB-6CEC-4F79-A871-F0D5ECABAD94}.VistaRelease|x64.Deploy.0 = Release|x64
		{E61D40CB-6CEC-4F79-A871-F0D5ECABAD94}.Win7Debug|Mixed Platforms.ActiveCfg = Debug|Win32
		{E61D40CB-6CEC-4F79-A871-F0D5ECABAD94}.Win7Debug|Mixed Platforms.Build.0 = Debug|Win32
		{E61D40CB-6CEC-4F79-A871-F0D5ECABAD94}.Win7Debug|Mixed Platforms.Deploy.0 = Debug|Win32
		{E61D40CB-6CEC-4F79-A871-F0D5ECABAD94}.Win7Debug|Win32.ActiveCfg = Debug|Win32
		{E61D40CB-6CEC-4F79-A871-F0D5ECABAD94}.Win7Debug|Win32.Build.0 = Debug|Win32
		{E61D40CB-6CEC-4F79-A871-F0D5ECABAD94}.Win7Debug|Win32.Deploy.0 = Debug|Win32
		{E61D40CB-6CEC-4F79-A871-F0D5ECABAD94}.Win7Debug|x64.ActiveCfg = Debug|x64
		{E61D40CB-6CEC-4F79-A871-F0D5ECABAD94}.Win7Debug|x64.Build.0 = Debug|x64
		{E61D40CB-6CEC-4F79-A871-F0D5ECABAD94}.Win7Debug|x64.Deploy.0 = Debug|x64
		{E61D40CB-6CEC-4F79-A871-F0D5ECABAD94}.Win7Release|Mixed Platforms.ActiveCfg = Release|Win32
		{E61D40CB-6CEC-4F79-A871-F0D5ECABAD94}.Win7Release|Mixed Platforms.Build.0 = Release|Win32
		{E61D40CB-6CEC-4F79-A871-F0D5ECABAD94}.Win7Release|Mixed Platforms.Deploy.0 = Release|Win32
		{E61D40CB-6CEC-4F79-A871-F0D5ECABAD94}.Win7Release|Win32.ActiveCfg = Release|Win32
		{E61D40CB-6CEC-4F79-A871-F0D5ECABAD94}.Win7Release|Win32.Build.0 = Release|Win32
		{E61D40CB-6CEC-4F79-A871-F0D5ECABAD94}.Win7Release|Win32.Deploy.0 = Release|Win32
		{E61D40CB-6CEC-4F79-A871-F0D5ECABAD94}.Win7Release|x64.ActiveCfg = Release|x64
		{E61D40CB-6CEC-4F79-A871-F0D5ECABAD94}.Win7Release|x64.Build.0 = Release|x64
		{E61D40CB-6CEC-4F79-A871-F0D5ECABAD94}.Win7Release|x64.Deploy.0 = Release|x64
		{E61D40CB-6CEC-4F79-A871-F0D5ECABAD94}.Win8Debug|Mixed Platforms.ActiveCfg = Debug|Win32
		{E61D40CB-6CEC-4F79-A871-F0D5ECABAD94}.Win8Debug|Mixed Platforms.Build.0 = Debug|Win32
		{E61D40CB-6CEC-4F79-A871-F0D5ECABAD94}.Win8Debug|Mixed Platforms.Deploy.0 = Debug|Win32
		{E61D40CB-6CEC-4F79-A871-F0D5ECABAD94}.Win8Debug|Win32.ActiveCfg = Debug|Win32
		{E61D40CB-6CEC-4F79-A871-F0D5ECABAD94}.Win8Debug|Win32.Build.0 = Debug|Win32
		{E61D40CB-6CEC-4F79-A871-F0D5ECABAD94}.Win8Debug|Win32.Deploy.0 = Debug|Win32
		{E61D40CB-6CEC-4F79-A871-F0D5ECABAD94}.Win8Debug|x64.ActiveCfg = Debug|x64
		{E61D40CB-6CEC-4F79-A871-F0D5ECABAD94}.Win8Debug|x64.Build.0 = Debug|x64
		{E61D40CB-6CEC-4F79-A871-F0D5ECABAD94}.Win8Debug|x64.Deploy.0 = Debug|x64
		{E61D40CB-6CEC-4F79-A871-F0D5ECABAD94}.Win8Release|Mixed Platforms.ActiveCfg = Release|Win32
		{E61D40CB-6CEC-4F79-A871-F0D5ECABAD94}.Win8Release|Mixed Platforms.Build.0 = Release|Win32
		{E61D40CB-6CEC-4F79-A871-F0D5ECABAD94}.Win8Release|Mixed Platforms.Deploy.0 = Release|Win32
		{E61D40CB-6CEC-4F79-A871-F0D5ECABAD94}.Win8Release|Win32.ActiveCfg = Release|Win32
		{E61D40CB-6CEC-4F79-A871-F0D5ECABAD94}.Win8Release|Win32.Build.0 = Release|Win32
		{E61D40CB-6CEC-4F79-A871-F0D5ECABAD94}.Win8Release|Win32.Deploy.0 = Release|Win32
		{E61D40CB-6CEC-4F79-A871-F0D5ECABAD94}.Win8Release|x64.ActiveCfg = Release|x64
		{E61D40CB-6CEC-4F79-A871-F0D5ECABAD94}.Win8Release|x64.Build.0 = Release|x64
		{E61D40CB-6CEC-4F79-A871-F0D5ECABAD94}.Win8Release|x64.Deploy.0 = Release|x64
		{ACA32EDC-110E-4BD2-BF90-3DCF4D89E5AF}.Debug|Mixed Platforms.ActiveCfg = Debug|Win32
		{ACA32EDC-110E-4BD2-BF90-3DCF4D89E5AF}.Debug|Mixed Platforms.Build.0 = Debug|Win32
		{ACA32EDC-110E-4BD2-BF90-3DCF4D89E5AF}.Debug|Mixed Platforms.Deploy.0 = Debug|Win32
		{ACA32EDC-110E-4BD2-BF90-3DCF4D89E5AF}.Debug|Win32.ActiveCfg = Debug|Win32
		{ACA32EDC-110E-4BD2-BF90-3DCF4D89E5AF}.Debug|Win32.Build.0 = Debug|Win32
		{ACA32EDC-110E-4BD2-BF90-3DCF4D89E5AF}.Debug|Win32.Deploy.0 = Debug|Win32
		{ACA32EDC-110E-4BD2-BF90-3DCF4D89E5AF}.Debug|x64.ActiveCfg = Debug|x64
		{ACA32EDC-110E-4BD2-BF90-3DCF4D89E5AF}.Debug|x64.Build.0 = Debug|x64
		{ACA32EDC-110E-4BD2-BF90-3DCF4D89E5AF}.Debug|x64.Deploy.0 = Debug|x64
		{ACA32EDC-110E-4BD2-BF90-3DCF4D89E5AF}.Release|Mixed Platforms.ActiveCfg = Release|Win32
		{ACA32EDC-110E-4BD2-BF90-3DCF4D89E5AF}.Release|Mixed Platforms.Build.0 = Release|Win32
		{ACA32EDC-110E-4BD2-BF90-3DCF4D89E5AF}.Release|Mixed Platforms.Deploy.0 = Release|Win32
		{ACA32EDC-110E-4BD2-BF90-3DCF4D89E5AF}.Release|Win32.ActiveCfg = Release|Win32
		{ACA32EDC-110E-4BD2-BF90-3DCF4D89E5AF}.Release|Win32.Build.0 = Release|Win32
		{ACA32EDC-110E-4BD2-BF90-3DCF4D89E5AF}.Release|Win32.Deploy.0 = Release|Win32
		{ACA32EDC-110E-4BD2-BF90-3DCF4D89E5AF}.Release|x64.ActiveCfg = Release|x64
		{ACA32EDC-110E-4BD2-BF90-3DCF4D89E5AF}.Release|x64.Build.0 = Release|x64
		{ACA32EDC-110E-4BD2-BF90-3DCF4D89E5AF}.Release|x64.Deploy.0 = Release|x64
		{ACA32EDC-110E-4BD2-BF90-3DCF4D89E5AF}.VistaDebug|Mixed Platforms.ActiveCfg = Debug|Win32
		{ACA32EDC-110E-4BD2-BF90-3DCF4D89E5AF}.VistaDebug|Mixed Platforms.Build.0 = Debug|Win32
		{ACA32EDC-110E-4BD2-BF90-3DCF4D89E5AF}.VistaDebug|Mixed Platforms.Deploy.0 = Debug|Win32
		{ACA32EDC-110E-4BD2-BF90-3DCF4D89E5AF}.VistaDebug|Win32.ActiveCfg = Debug|Win32
		{ACA32EDC-110E-4BD2-BF90-3DCF4D89E5AF}.VistaDebug|Win32.Build.0 = Debug|Win32
		{ACA32EDC-110E-4BD2-BF90-3DCF4D89E5AF}.VistaDebug|Win32.Deploy.0 = Debug|Win32
		{ACA32EDC-110E-4BD2-BF90-3DCF4D89E5AF}.VistaDebug|x64.ActiveCfg = Debug|x64
		{ACA32EDC-110E-4BD2-BF90-3DCF4D89E5AF}.VistaDebug|x64.Build.0 = Debug|x64
		{ACA32EDC-110E-4BD2-BF90-3DCF4D89E5AF}.VistaDebug|x64.Deploy.0 = Debug|x64
		{ACA32EDC-110E-4BD2-BF90-3DCF4D89E5AF}.VistaRelease|Mixed Platforms.ActiveCfg = Release|Win32
		{ACA32EDC-110E-4BD2-BF90-3DCF4D89E5AF}.VistaRelease|Mixed Platforms.Build.0 = Release|Win32
		{ACA32EDC-110E-4BD2-BF90-3DCF4D89E5AF}.VistaRelease|Mixed Platforms.Deploy.0 = Release|Win32
		{ACA32EDC-110E-4BD2-BF90-3DCF4D89E5AF}.VistaRelease|Win32.ActiveCfg = Release|Win32
		{ACA32EDC-110E-4BD2-BF90-3DCF4D89E5AF}.VistaRelease|Win32.Build.0 = Release|Win32
		{ACA32EDC-110E-4BD2-BF90-3DCF4D89E5AF}.VistaRelease|Win32.Deploy.0 = Release|Win32
		{ACA32EDC-110E-4BD2-BF90-3DCF4D89E5AF}.VistaRelease|x64.ActiveCfg = Release|x64
		{ACA32EDC-110E-4BD2-BF90-3DCF4D89E5AF}.VistaRelease|x64.Build.0 = Release|x64
		{ACA32EDC-110E-4BD2-BF90-3DCF4D89E5AF}.VistaRelease|x64.Deploy.0 = Release|x64
		{ACA32EDC-110E-4BD2-BF90-3DCF4D89E5AF}.Win7Debug|Mixed Platforms.ActiveCfg = Debug|Win32
		{ACA32EDC-110E-4BD2-BF90-3DCF4D89E5AF}.Win7Debug|Mixed Platforms.Build.0 = Debug|Win32
		{ACA32EDC-110E-4BD2-BF90-3DCF4D89E5AF}.Win7Debug|Mixed Platforms.Deploy.0 = Debug|Win32
		{ACA32EDC-110E-4BD2-BF90-3DCF4D89E5AF}.Win7Debug|Win32.ActiveCfg = Debug|Win32
		{ACA32EDC-110E-4BD2-BF90-3DCF4D89E5AF}.Win7Debug|Win32.Build.0 = Debug|Win32
		{ACA32EDC-110E-4BD2-BF90-3DCF4D89E5AF}.Win7Debug|Win32.Deploy.0 = Debug|Win32
		{ACA32EDC-110E-4BD2-BF90-3DCF4D89E5AF}.Win7Debug|x64.ActiveCfg = Debug|x64
		{ACA32EDC-110E-4BD2-BF90-3DCF4D89E5AF}.Win7Debug|x64.Build.0 = Debug|x64
		{ACA32EDC-110E-4BD2-BF90-3DCF4D89E5AF}.Win7Debug|x64.Deploy.0 = Debug|x64
		{ACA32EDC-110E-4BD2-BF90-3DCF4D89E5AF}.Win7Release|Mixed Platforms.ActiveCfg = Release|Win32
		{ACA32EDC-110E-4BD2-BF90-3DCF4D89E5AF}.Win7Release|Mixed Platforms.Build.0 = Release|Win32
		{ACA32EDC-110E-4BD2-BF90-3DCF4D89E5AF}.Win7Release|Mixed Platforms.Deploy.0 = Release|Win32
		{ACA32EDC-110E-4BD2-BF90-3DCF4D89E5AF}.Win7Release|Win32.ActiveCfg = Release|Win32
		{ACA32EDC-110E-4BD2-BF90-3DCF4D89E5AF}.Win7Release|Win32.Build.0 = Release|Win32
		{ACA32EDC-110E-4BD2-BF90-3DCF4D89E5AF}.Win7Release|Win32.Deploy.0 = Release|Win32
		{ACA32EDC-110E-4BD2-BF90-3DCF4D89E5AF}.Win7Release|x64.ActiveCfg = Release|x64
		{ACA32EDC-110E-4BD2-BF90-3DCF4D89E5AF}.Win7Release|x64.Build.0 = Release|x64
		{ACA32EDC-110E-4BD2-BF90-3DCF4D89E5AF}.Win7Release|x64.Deploy.0 = Release|x64
		{ACA32EDC-110E-4BD2-BF90-3DCF4D89E5AF}.Win8Debug|Mixed Platforms.ActiveCfg = Debug|Win32
		{ACA32EDC-110E-4BD2-BF90-3DCF4D89E5AF}.Win8Debug|Mixed Platforms.Build.0 = Debug|Win32
		{ACA32EDC-110E-4BD2-BF90-3DCF4D89E5AF}.Win8Debug|Mixed Platforms.Deploy.0 = Debug|Win32
		{ACA32EDC-110E-4BD2-BF90-3DCF4D89E5AF}.Win8Debug|Win32.ActiveCfg = Debug|Win32
		{ACA32EDC-110E-4BD2-BF90-3DCF4D89E5AF}.Win8Debug|Win32.Build.0 = Debug|Win32
		{ACA32EDC-110E-4BD2-BF90-3DCF4D89E5AF}.Win8Debug|Win32.Deploy.0 = Debug|Win32
		{ACA32EDC-110E-4BD2-BF90-3DCF4D89E5AF}.Win8Debug|x64.ActiveCfg = Debug|x64
		{ACA32EDC-110E-4BD2-BF90-3DCF4D89E5AF}.Win8Debug|x64.Build.0 = Debug|x64
		{ACA32EDC-110E-4BD2-BF90-3DCF4D89E5AF}.Win8Debug|x64.Deploy.0 = Debug|x64
		{ACA32EDC-110E-4BD2-BF90-3DCF4D89E5AF}.Win8Release|Mixed Platforms.ActiveCfg = Release|Win32
		{ACA32EDC-110E-4BD2-BF90-3DCF4D89E5AF}.Win8Release|Mixed Platforms.Build.0 = Release|Win32
		{ACA32EDC-110E-4BD2-BF90-3DCF4D89E5AF}.Win8Release|Mixed Platforms.Deploy.0 = Release|Win32
		{ACA32EDC-110E-4BD2-BF90-3DCF4D89E5AF}.Win8Release|Win32.ActiveCfg = Release|Win32
		{ACA32EDC-110E-4BD2-BF90-3DCF4D89E5AF}.Win8Release|Win32.Build.0 = Release|Win32
		{ACA32EDC-110E-4BD2-BF90-3DCF4D89E5AF}.Win8Release|Win32.Deploy.0 = Release|Win32
		{ACA32EDC-110E-4BD2-BF90-3DCF4D89E5AF}.Win8Release|x64.ActiveCfg = Release|x64
		{ACA32EDC-110E-4BD2-BF90-3DCF4D89E5AF}.Win8Release|x64.Build.0 = Release|x64
		{ACA32EDC-110E-4BD2-BF90-3DCF4D89E5AF}.Win8Release|x64.Deploy.0 = Release|x64
		{C8AD223A-05FD-4872-95B2-2E86F9F482FD}.Debug|Mixed Platforms.ActiveCfg = Debug|Win32
		{C8AD223A-05FD-4872-95B2-2E86F9F482FD}.Debug|Mixed Platforms.Build.0 = Debug|Win32
		{C8AD223A-05FD-4872-95B2-2E86F9F482FD}.Debug|Mixed Platforms.Deploy.0 = Debug|Win32
		{C8AD223A-05FD-4872-95B2-2E86F9F482FD}.Debug|Win32.ActiveCfg = Debug|Win32
		{C8AD223A-05FD-4872-95B2-2E86F9F482FD}.Debug|Win32.Build.0 = Debug|Win32
		{C8AD223A-05FD-4872-95B2-2E86F9F482FD}.Debug|Win32.Deploy.0 = Debug|Win32
		{C8AD223A-05FD-4872-95B2-2E86F9F482FD}.Debug|x64.ActiveCfg = Debug|x64
		{C8AD223A-05FD-4872-95B2-2E86F9F482FD}.Debug|x64.Build.0 = Debug|x64
		{C8AD223A-05FD-4872-95B2-2E86F9F482FD}.Debug|x64.Deploy.0 = Debug|x64
		{C8AD223A-05FD-4872-95B2-2E86F9F482FD}.Release|Mixed Platforms.ActiveCfg = Release|Win32
		{C8AD223A-05FD-4872-95B2-2E86F9F482FD}.Release|Mixed Platforms.Build.0 = Release|Win32
		{C8AD223A-05FD-4872-95B2-2E86F9F482FD}.Release|Mixed Platforms.Deploy.0 = Release|Win32
		{C8AD223A-05FD-4872-95B2-2E86F9F482FD}.Release|Win32.ActiveCfg = Release|Win32
		{C8AD223A-05FD-4872-95B2-2E86F9F482FD}.Release|Win32.Build.0 = Release|Win32
		{C8AD223A-05FD-4872-95B2-2E86F9F482FD}.Release|Win32.Deploy.0 = Release|Win32
		{C8AD223A-05FD-4872-95B2-2E86F9F482FD}.Release|x64.ActiveCfg = Release|x64
		{C8AD223A-05FD-4872-95B2-2E86F9F482FD}.Release|x64.Build.0 = Release|x64
		{C8AD223A-05FD-4872-95B2-2E86F9F482FD}.Release|x64.Deploy.0 = Release|x64
		{C8AD223A-05FD-4872-95B2-2E86F9F482FD}.VistaDebug|Mixed Platforms.ActiveCfg = Debug|Win32
		{C8AD223A-05FD-4872-95B2-2E86F9F482FD}.VistaDebug|Mixed Platforms.Build.0 = Debug|Win32
		{C8AD223A-05FD-4872-95B2-2E86F9F482FD}.VistaDebug|Mixed Platforms.Deploy.0 = Debug|Win32
		{C8AD223A-05FD-4872-95B2-2E86F9F482FD}.VistaDebug|Win32.ActiveCfg = Debug|Win32
		{C8AD223A-05FD-4872-95B2-2E86F9F482FD}.VistaDebug|Win32.Build.0 = Debug|Win32
		{C8AD223A-05FD-4872-95B2-2E86F9F482FD}.VistaDebug|Win32.Deploy.0 = Debug|Win32
		{C8AD223A-05FD-4872-95B2-2E86F9F482FD}.VistaDebug|x64.ActiveCfg = Debug|x64
		{C8AD223A-05FD-4872-95B2-2E86F9F482FD}.VistaDebug|x64.Build.0 = Debug|x64
		{C8AD223A-05FD-4872-95B2-2E86F9F482FD}.VistaDebug|x64.Deploy.0 = Debug|x64
		{C8AD223A-05FD-4872-95B2-2E86F9F482FD}.VistaRelease|Mixed Platforms.ActiveCfg = Release|Win32
		{C8AD223A-05FD-4872-95B2-2E86F9F482FD}.VistaRelease|Mixed Platforms.Build.0 = Release|Win32
		{C8AD223A-05FD-4872-95B2-2E86F9F482FD}.VistaRelease|Mixed Platforms.Deploy.0 = Release|Win32
		{C8AD223A-05FD-4872-95B2-2E86F9F482FD}.VistaRelease|Win32.ActiveCfg = Release|Win32
		{C8AD223A-05FD-4872-95B2-2E86F9F482FD}.VistaRelease|Win32.Build.0 = Release|Win32
		{C8AD223A-05FD-4872-95B2-2E86F9F482FD}.VistaRelease|Win32.Deploy.0 = Release|Win32
		{C8AD223A-05FD-4872-95B2-2E86F9F482FD}.VistaRelease|x64.ActiveCfg = Release|x64
		{C8AD223A-05FD-4872-95B2-2E86F9F482FD}.VistaRelease|x64.Build.0 = Release|x64
		{C8AD223A-05FD-4872-95B2-2E86F9F482FD}.VistaRelease|x64.Deploy.0 = Release|x64
		{C8AD223A-05FD-4872-95B2-2E86F9F482FD}.Win7Debug|Mixed Platforms.ActiveCfg = Debug|Win32
		{C8AD223A-05FD-4872-95B2-2E86F9F482FD}.Win7Debug|Mixed Platforms.Build.0 = Debug|Win32
		{C8AD223A-05FD-4872-95B2-2E86F9F482FD}.Win7Debug|Mixed Platforms.Deploy.0 = Debug|Win32
		{C8AD223A-05FD-4872-95B2-2E86F9F482FD}.Win7Debug|Win32.ActiveCfg = Debug|Win32
		{C8AD223A-05FD-4872-95B2-2E86F9F482FD}.Win7Debug|Win32.Build.0 = Debug|Win32
		{C8AD223A-05FD-4872-95B2-2E86F9F482FD}.Win7Debug|Win32.Deploy.0 = Debug|Win32
		{C8AD223A-05FD-4872-95B2-2E86F9F482FD}.Win7Debug|x64.ActiveCfg = Debug|x64
		{C8AD223A-05FD-4872-95B2-2E86F9F482FD}.Win7Debug|x64.Build.0 = Debug|x64
		{C8AD223A-05FD-4872-95B2-2E86F9F482FD}.Win7Debug|x64.Deploy.0 = Debug|x64
		{C8AD223A-05FD-4872-95B2-2E86F9F482FD}.Win7Release|Mixed Platforms.ActiveCfg = Release|Win32
		{C8AD223A-05FD-4872-95B2-2E86F9F482FD}.Win7Release|Mixed Platforms.Build.0 = Release|Win32
		{C8AD223A-05FD-4872-95B2-2E86F9F482FD}.Win7Release|Mixed Platforms.Deploy.0 = Release|Win32
		{C8AD223A-05FD-4872-95B2-2E86F9F482FD}.Win7Release|Win32.ActiveCfg = Release|Win32
		{C8AD223A-05FD-4872-95B2-2E86F9F482FD}.Win7Release|Win32.Build.0 = Release|Win32
		{C8AD223A-05FD-4872-95B2-2E86F9F482FD}.Win7Release|Win32.Deploy.0 = Release|Win32
		{C8AD223A-05FD-4872-95B2-2E86F9F482FD}.Win7Release|x64.ActiveCfg = Release|x64
		{C8AD223A-05FD-4872-95B2-2E86F9F482FD}.Win7Release|x64.Build.0 = Release|x64
		{C8AD223A-05FD-4872-95B2-2E86F9F482FD}.Win7Release|x64.Deploy.0 = Release|x64
		{C8AD223A-05FD-4872-95B2-2E86F9F482FD}.Win8Debug|Mixed Platforms.ActiveCfg = Debug|Win32
		{C8AD223A-05FD-4872-95B2-2E86F9F482FD}.Win8Debug|Mixed Platforms.Build.0 = Debug|Win32
		{C8AD223A-05FD-4872-95B2-2E86F9F482FD}.Win8Debug|Mixed Platforms.Deploy.0 = Debug|Win32
		{C8AD223A-05FD-4872-95B2-2E86F9F482FD}.Win8Debug|Win32.ActiveCfg = Debug|Win32
		{C8AD223A-05FD-4872-95B2-2E86F9F482FD}.Win8Debug|Win32.Build.0 = Debug|Win32
		{C8AD223A-05FD-4872-95B2-2E86F9F482FD}.Win8Debug|Win32.Deploy.0 = Debug|Win32
		{C8AD223A-05FD-4872-95B2-2E86F9F482FD}.Win8Debug|x64.ActiveCfg = Debug|x64
		{C8AD223A-05FD-4872-95B2-2E86F9F482FD}.Win8Debug|x64.Build.0 = Debug|x64
		{C8AD223A-05FD-4872-95B2-2E86F9F482FD}.Win8Debug|x64.Deploy.0 = Debug|x64
		{C8AD223A-05FD-4872-95B2-2E86F9F482FD}.Win8Release|Mixed Platforms.ActiveCfg = Release|Win32
		{C8AD223A-05FD-4872-95B2-2E86F9F482FD}.Win8Release|Mixed Platforms.Build.0 = Release|Win32
		{C8AD223A-05FD-4872-95B2-2E86F9F482FD}.Win8Release|Mixed Platforms.Deploy.0 = Release|Win32
		{C8AD223A-05FD-4872-95B2-2E86F9F482FD}.Win8Release|Win32.ActiveCfg = Release|Win32
		{C8AD223A-05FD-4872-95B2-2E86F9F482FD}.Win8Release|Win32.Build.0 = Release|Win32
		{C8AD223A-05FD-4872-95B2-2E86F9F482FD}.Win8Release|Win32.Deploy.0 = Release|Win32
		{C8AD223A-05FD-4872-95B2-2E86F9F482FD}.Win8Release|x64.ActiveCfg = Release|x64
		{C8AD223A-05FD-4872-95B2-2E86F9F482FD}.Win8Release|x64.Build.0 = Release|x64
		{C8AD223A-05FD-4872-95B2-2E86F9F482FD}.Win8Release|x64.Deploy.0 = Release|x64
	EndGlobalSection
	GlobalSection(SolutionProperties) = preSolution
		HideSolutionNode = FALSE
	EndGlobalSection
EndGlobal
